<Solution>
  <Configurations>
    <BuildType Name="Analysis" />
    <BuildType Name="Debug" />
    <BuildType Name="Release" />
    <BuildType Name="Release 4.5" />
    <BuildType Name="Release 4.6" />
    <Platform Name="Any CPU" />
    <Platform Name="x64" />
    <Platform Name="x86" />
  </Configurations>
  <Folder Name="/Dependencies/" />
  <Folder Name="/Dependencies/KeyASIO.Net/">
    <Project Path="dependencies/KeyASIO.Net/src/Core/KeyAsio.Core.Audio/KeyAsio.Core.Audio.csproj">
      <BuildType Solution="Analysis|*" Project="Debug" />
      <BuildType Solution="Release 4.5|*" Project="Debug" />
      <BuildType Solution="Release 4.6|*" Project="Debug" />
    </Project>
    <Project Path="dependencies/KeyASIO.Net/src/Core/KeyAsio.Core.OsuAudio/KeyAsio.Core.OsuAudio.csproj">
      <BuildType Solution="Analysis|*" Project="Debug" />
      <BuildType Solution="Release 4.5|*" Project="Debug" />
      <BuildType Solution="Release 4.6|*" Project="Debug" />
    </Project>
  </Folder>
  <Folder Name="/Dependencies/Milki.Extensions/">
    <Project Path="dependencies/KeyASIO.Net/dependencies/Milki.Extensions/src/Milki.Extensions.Threading/Milki.Extensions.Threading.csproj">
      <BuildType Solution="Analysis|*" Project="Debug" />
      <BuildType Solution="Release 4.5|*" Project="Release" />
      <BuildType Solution="Release 4.6|*" Project="Release" />
    </Project>
  </Folder>
  <Folder Name="/Dependencies/NAudio/">
    <Project Path="dependencies/KeyASIO.Net/dependencies/NAudio/NAudio.Asio/NAudio.Asio.csproj">
      <BuildType Solution="Analysis|*" Project="Debug" />
      <BuildType Solution="Release 4.5|*" Project="Release" />
      <BuildType Solution="Release 4.6|*" Project="Release" />
    </Project>
    <Project Path="dependencies/KeyASIO.Net/dependencies/NAudio/NAudio.SDL2/NAudio.SDL2.csproj">
      <BuildType Solution="Analysis|*" Project="Debug" />
      <BuildType Solution="Release 4.5|*" Project="Release" />
      <BuildType Solution="Release 4.6|*" Project="Release" />
    </Project>
    <Project Path="dependencies/KeyASIO.Net/dependencies/NAudio/NAudio.SDL3/NAudio.SDL3.csproj">
      <BuildType Solution="Analysis|*" Project="Debug" />
      <BuildType Solution="Release 4.5|*" Project="Release" />
      <BuildType Solution="Release 4.6|*" Project="Release" />
    </Project>
  </Folder>
  <Folder Name="/Platforms/">
    <Project Path="src/Platforms/OsuPlayer.Avalonia/OsuPlayer.Avalonia.csproj">
      <BuildType Solution="Analysis|*" Project="Debug" />
      <BuildType Solution="Release 4.5|*" Project="Release" />
      <BuildType Solution="Release 4.6|*" Project="Release" />
    </Project>
    <Project Path="src/Platforms/OsuPlayer.Presentation.Avalonia/OsuPlayer.Presentation.Avalonia.csproj">
      <BuildType Solution="Analysis|*" Project="Debug" />
      <BuildType Solution="Release 4.5|*" Project="Release" />
      <BuildType Solution="Release 4.6|*" Project="Release" />
    </Project>
    <Project Path="src/Platforms/OsuPlayer.Presentation.Wpf/OsuPlayer.Presentation.Wpf.csproj">
      <BuildType Solution="Analysis|*" Project="Release" />
      <BuildType Solution="Release 4.5|*" Project="Release" />
      <BuildType Solution="Release 4.6|*" Project="Release" />
    </Project>
    <Project Path="src/Platforms/OsuPlayer.Wpf/OsuPlayer.Wpf.csproj">
      <BuildType Solution="Analysis|Any CPU" Project="Release" />
      <BuildType Solution="Analysis|x64" Project="Debug" />
      <BuildType Solution="Analysis|x86" Project="Debug" />
      <BuildType Solution="Release 4.5|*" Project="Release" />
      <BuildType Solution="Release 4.6|*" Project="Release" />
    </Project>
  </Folder>
  <Folder Name="/Tests/">
    <Project Path="tests/OsuPlayer.Data.Tests/OsuPlayer.Data.Tests.csproj">
      <BuildType Solution="Analysis|*" Project="Debug" />
      <BuildType Solution="Release 4.5|*" Project="Debug" />
      <BuildType Solution="Release 4.6|*" Project="Debug" />
    </Project>
    <Project Path="tests/OsuPlayer.Media.Audio.Tests/OsuPlayer.Media.Audio.Tests.csproj">
      <BuildType Solution="Analysis|*" Project="Debug" />
      <BuildType Solution="Release 4.5|*" Project="Debug" />
      <BuildType Solution="Release 4.6|*" Project="Debug" />
    </Project>
  </Folder>
  <Project Path="src/Core/OsuPlayer.Core/OsuPlayer.Core.csproj">
    <BuildType Solution="Analysis|Any CPU" Project="Release" />
    <BuildType Solution="Analysis|x64" Project="Debug" />
    <BuildType Solution="Analysis|x86" Project="Debug" />
    <BuildType Solution="Release 4.5|*" Project="Release" />
    <BuildType Solution="Release 4.6|*" Project="Release" />
  </Project>
  <Project Path="src/Core/OsuPlayer.Data/OsuPlayer.Data.csproj">
    <BuildType Solution="Analysis|*" Project="Release" />
    <BuildType Solution="Release 4.5|*" Project="Release" />
    <BuildType Solution="Release 4.6|*" Project="Release" />
  </Project>
  <Project Path="src/Core/OsuPlayer.Media.Audio/OsuPlayer.Media.Audio.csproj">
    <BuildType Solution="Analysis|Any CPU" Project="Release" />
    <BuildType Solution="Analysis|x64" Project="Debug" />
    <BuildType Solution="Analysis|x86" Project="Debug" />
    <BuildType Solution="Release 4.5|*" Project="Release" />
    <BuildType Solution="Release 4.6|*" Project="Release" />
  </Project>
  <Project Path="src/Core/OsuPlayer.Media.Lyric/OsuPlayer.Media.Lyric.csproj">
    <BuildType Solution="Analysis|Any CPU" Project="Debug" />
    <BuildType Solution="Analysis|x64" Project="Release" />
    <BuildType Solution="Analysis|x86" Project="Release" />
    <BuildType Solution="Release 4.5|*" Project="Release" />
    <BuildType Solution="Release 4.6|*" Project="Release" />
  </Project>
  <Project Path="src/Core/OsuPlayer.Shared/OsuPlayer.Shared.csproj">
    <BuildType Solution="Analysis|*" Project="Release" />
    <BuildType Solution="Release 4.5|*" Project="Release" />
    <BuildType Solution="Release 4.6|*" Project="Release" />
  </Project>
</Solution>
