
Microsoft Visual Studio Solution File, Format Version 12.00
# Visual Studio Version 16
VisualStudioVersion = 16.0.29006.145
MinimumVisualStudioVersion = 10.0.40219.1
Project("{FAE04EC0-301F-11D3-BF4B-00C04F79EFBC}") = "OsuPlayer.Wpf", "OsuPlayer.Wpf\OsuPlayer.Wpf.csproj", "{02773E4B-21FC-47DB-A7C1-BD096F325136}"
EndProject
Project("{FAE04EC0-301F-11D3-BF4B-00C04F79EFBC}") = "OsuPlayer.Media.Audio", "OsuPlayer.Media.Audio\OsuPlayer.Media.Audio.csproj", "{3CD240F8-DA65-44F0-AB58-D78F58109786}"
EndProject
Project("{FAE04EC0-301F-11D3-BF4B-00C04F79EFBC}") = "OsuPlayer.Common", "OsuPlayer.Common\OsuPlayer.Common.csproj", "{654D6521-43E1-48D2-BAEE-E694E38EF56D}"
EndProject
Project("{9A19103F-16F7-4668-BE54-9A1E7A4F7556}") = "OsuPlayer.Media.Lyric", "OsuPlayer.Media.Lyric\OsuPlayer.Media.Lyric.csproj", "{33580E59-AA08-45EF-B79F-2F8FE2F539CC}"
EndProject
Project("{9A19103F-16F7-4668-BE54-9A1E7A4F7556}") = "OSharp.Beatmap", "Libraries\OSharp.Beatmap\OSharp.Beatmap.csproj", "{631A4ABE-0C76-4972-97F2-F6928F0608EE}"
EndProject
Project("{9A19103F-16F7-4668-BE54-9A1E7A4F7556}") = "OSharp.Common", "Libraries\OSharp.Common\OSharp.Common.csproj", "{4C8D4EEA-E81B-4FD3-B6A4-9857ABC152A5}"
EndProject
Project("{9A19103F-16F7-4668-BE54-9A1E7A4F7556}") = "OSharp.Storyboard", "Libraries\OSharp.Storyboard\OSharp.Storyboard.csproj", "{D18BDC44-577C-49BA-BB91-1311422D362A}"
EndProject
Project("{FAE04EC0-301F-11D3-BF4B-00C04F79EFBC}") = "WpfApi", "Libraries\WpfApi\WpfApi.csproj", "{028E6F4E-D538-4B83-904C-C94C2F1E3C83}"
EndProject
Project("{2150E333-8FDC-42A3-9474-1A3956D46DE8}") = "OSharp", "OSharp", "{8743A6A9-264D-4A94-883E-2211A5F6DEA7}"
EndProject
Project("{2150E333-8FDC-42A3-9474-1A3956D46DE8}") = "Others", "Others", "{FF9EC311-8D8B-435F-A591-078C55A1440C}"
EndProject
Project("{2150E333-8FDC-42A3-9474-1A3956D46DE8}") = "Libraries", "Libraries", "{750A0C8F-B866-4D22-A4BE-C852592C3218}"
EndProject
Project("{FAE04EC0-301F-11D3-BF4B-00C04F79EFBC}") = "OsuPlayer.Devices", "OsuPlayer.Devices\OsuPlayer.Devices.csproj", "{E290C0D7-06B7-47DC-81E7-98F08654FB0D}"
EndProject
Project("{2150E333-8FDC-42A3-9474-1A3956D46DE8}") = "ReOsuStoryboardPlayer", "ReOsuStoryboardPlayer", "{E3A2118B-72E7-404E-B6C1-896516E6FD79}"
EndProject
Project("{FAE04EC0-301F-11D3-BF4B-00C04F79EFBC}") = "ReOsuStoryBoardPlayer", "..\ReOsuStoryboardPlayer\ReOsuStoryboardPlayer\ReOsuStoryBoardPlayer.csproj", "{5116D93A-A7D9-4312-B052-FBC2FE5D0444}"
EndProject
Project("{FAE04EC0-301F-11D3-BF4B-00C04F79EFBC}") = "ReOsuStoryboardPlayer.WPFControl", "..\ReOsuStoryboardPlayer\ReOsuStoryboardPlayer.WPFControl\ReOsuStoryboardPlayer.WPFControl.csproj", "{585A9E6B-A055-46C9-9055-3A46E9DC2760}"
EndProject
Global
	GlobalSection(SolutionConfigurationPlatforms) = preSolution
		Analysis|Any CPU = Analysis|Any CPU
		Analysis|x64 = Analysis|x64
		Analysis|x86 = Analysis|x86
		Debug|Any CPU = Debug|Any CPU
		Debug|x64 = Debug|x64
		Debug|x86 = Debug|x86
		Release 4.5|Any CPU = Release 4.5|Any CPU
		Release 4.5|x64 = Release 4.5|x64
		Release 4.5|x86 = Release 4.5|x86
		Release 4.6|Any CPU = Release 4.6|Any CPU
		Release 4.6|x64 = Release 4.6|x64
		Release 4.6|x86 = Release 4.6|x86
		Release|Any CPU = Release|Any CPU
		Release|x64 = Release|x64
		Release|x86 = Release|x86
	EndGlobalSection
	GlobalSection(ProjectConfigurationPlatforms) = postSolution
		{02773E4B-21FC-47DB-A7C1-BD096F325136}.Analysis|Any CPU.ActiveCfg = Release|Any CPU
		{02773E4B-21FC-47DB-A7C1-BD096F325136}.Analysis|Any CPU.Build.0 = Release|Any CPU
		{02773E4B-21FC-47DB-A7C1-BD096F325136}.Analysis|x64.ActiveCfg = Debug|Any CPU
		{02773E4B-21FC-47DB-A7C1-BD096F325136}.Analysis|x64.Build.0 = Debug|Any CPU
		{02773E4B-21FC-47DB-A7C1-BD096F325136}.Analysis|x86.ActiveCfg = Debug|Any CPU
		{02773E4B-21FC-47DB-A7C1-BD096F325136}.Analysis|x86.Build.0 = Debug|Any CPU
		{02773E4B-21FC-47DB-A7C1-BD096F325136}.Debug|Any CPU.ActiveCfg = Debug|Any CPU
		{02773E4B-21FC-47DB-A7C1-BD096F325136}.Debug|Any CPU.Build.0 = Debug|Any CPU
		{02773E4B-21FC-47DB-A7C1-BD096F325136}.Debug|x64.ActiveCfg = Debug|Any CPU
		{02773E4B-21FC-47DB-A7C1-BD096F325136}.Debug|x64.Build.0 = Debug|Any CPU
		{02773E4B-21FC-47DB-A7C1-BD096F325136}.Debug|x86.ActiveCfg = Debug|Any CPU
		{02773E4B-21FC-47DB-A7C1-BD096F325136}.Debug|x86.Build.0 = Debug|Any CPU
		{02773E4B-21FC-47DB-A7C1-BD096F325136}.Release 4.5|Any CPU.ActiveCfg = Release|Any CPU
		{02773E4B-21FC-47DB-A7C1-BD096F325136}.Release 4.5|Any CPU.Build.0 = Release|Any CPU
		{02773E4B-21FC-47DB-A7C1-BD096F325136}.Release 4.5|x64.ActiveCfg = Release|Any CPU
		{02773E4B-21FC-47DB-A7C1-BD096F325136}.Release 4.5|x64.Build.0 = Release|Any CPU
		{02773E4B-21FC-47DB-A7C1-BD096F325136}.Release 4.5|x86.ActiveCfg = Release|Any CPU
		{02773E4B-21FC-47DB-A7C1-BD096F325136}.Release 4.5|x86.Build.0 = Release|Any CPU
		{02773E4B-21FC-47DB-A7C1-BD096F325136}.Release 4.6|Any CPU.ActiveCfg = Release|Any CPU
		{02773E4B-21FC-47DB-A7C1-BD096F325136}.Release 4.6|Any CPU.Build.0 = Release|Any CPU
		{02773E4B-21FC-47DB-A7C1-BD096F325136}.Release 4.6|x64.ActiveCfg = Release|Any CPU
		{02773E4B-21FC-47DB-A7C1-BD096F325136}.Release 4.6|x64.Build.0 = Release|Any CPU
		{02773E4B-21FC-47DB-A7C1-BD096F325136}.Release 4.6|x86.ActiveCfg = Release|Any CPU
		{02773E4B-21FC-47DB-A7C1-BD096F325136}.Release 4.6|x86.Build.0 = Release|Any CPU
		{02773E4B-21FC-47DB-A7C1-BD096F325136}.Release|Any CPU.ActiveCfg = Release|Any CPU
		{02773E4B-21FC-47DB-A7C1-BD096F325136}.Release|Any CPU.Build.0 = Release|Any CPU
		{02773E4B-21FC-47DB-A7C1-BD096F325136}.Release|x64.ActiveCfg = Release|Any CPU
		{02773E4B-21FC-47DB-A7C1-BD096F325136}.Release|x64.Build.0 = Release|Any CPU
		{02773E4B-21FC-47DB-A7C1-BD096F325136}.Release|x86.ActiveCfg = Release|Any CPU
		{02773E4B-21FC-47DB-A7C1-BD096F325136}.Release|x86.Build.0 = Release|Any CPU
		{3CD240F8-DA65-44F0-AB58-D78F58109786}.Analysis|Any CPU.ActiveCfg = Release|Any CPU
		{3CD240F8-DA65-44F0-AB58-D78F58109786}.Analysis|Any CPU.Build.0 = Release|Any CPU
		{3CD240F8-DA65-44F0-AB58-D78F58109786}.Analysis|x64.ActiveCfg = Debug|Any CPU
		{3CD240F8-DA65-44F0-AB58-D78F58109786}.Analysis|x64.Build.0 = Debug|Any CPU
		{3CD240F8-DA65-44F0-AB58-D78F58109786}.Analysis|x86.ActiveCfg = Debug|Any CPU
		{3CD240F8-DA65-44F0-AB58-D78F58109786}.Analysis|x86.Build.0 = Debug|Any CPU
		{3CD240F8-DA65-44F0-AB58-D78F58109786}.Debug|Any CPU.ActiveCfg = Debug|Any CPU
		{3CD240F8-DA65-44F0-AB58-D78F58109786}.Debug|Any CPU.Build.0 = Debug|Any CPU
		{3CD240F8-DA65-44F0-AB58-D78F58109786}.Debug|x64.ActiveCfg = Debug|Any CPU
		{3CD240F8-DA65-44F0-AB58-D78F58109786}.Debug|x64.Build.0 = Debug|Any CPU
		{3CD240F8-DA65-44F0-AB58-D78F58109786}.Debug|x86.ActiveCfg = Debug|Any CPU
		{3CD240F8-DA65-44F0-AB58-D78F58109786}.Debug|x86.Build.0 = Debug|Any CPU
		{3CD240F8-DA65-44F0-AB58-D78F58109786}.Release 4.5|Any CPU.ActiveCfg = Release|Any CPU
		{3CD240F8-DA65-44F0-AB58-D78F58109786}.Release 4.5|Any CPU.Build.0 = Release|Any CPU
		{3CD240F8-DA65-44F0-AB58-D78F58109786}.Release 4.5|x64.ActiveCfg = Release|Any CPU
		{3CD240F8-DA65-44F0-AB58-D78F58109786}.Release 4.5|x64.Build.0 = Release|Any CPU
		{3CD240F8-DA65-44F0-AB58-D78F58109786}.Release 4.5|x86.ActiveCfg = Release|Any CPU
		{3CD240F8-DA65-44F0-AB58-D78F58109786}.Release 4.5|x86.Build.0 = Release|Any CPU
		{3CD240F8-DA65-44F0-AB58-D78F58109786}.Release 4.6|Any CPU.ActiveCfg = Release|Any CPU
		{3CD240F8-DA65-44F0-AB58-D78F58109786}.Release 4.6|Any CPU.Build.0 = Release|Any CPU
		{3CD240F8-DA65-44F0-AB58-D78F58109786}.Release 4.6|x64.ActiveCfg = Release|Any CPU
		{3CD240F8-DA65-44F0-AB58-D78F58109786}.Release 4.6|x64.Build.0 = Release|Any CPU
		{3CD240F8-DA65-44F0-AB58-D78F58109786}.Release 4.6|x86.ActiveCfg = Release|Any CPU
		{3CD240F8-DA65-44F0-AB58-D78F58109786}.Release 4.6|x86.Build.0 = Release|Any CPU
		{3CD240F8-DA65-44F0-AB58-D78F58109786}.Release|Any CPU.ActiveCfg = Release|Any CPU
		{3CD240F8-DA65-44F0-AB58-D78F58109786}.Release|Any CPU.Build.0 = Release|Any CPU
		{3CD240F8-DA65-44F0-AB58-D78F58109786}.Release|x64.ActiveCfg = Release|Any CPU
		{3CD240F8-DA65-44F0-AB58-D78F58109786}.Release|x64.Build.0 = Release|Any CPU
		{3CD240F8-DA65-44F0-AB58-D78F58109786}.Release|x86.ActiveCfg = Release|Any CPU
		{3CD240F8-DA65-44F0-AB58-D78F58109786}.Release|x86.Build.0 = Release|Any CPU
		{654D6521-43E1-48D2-BAEE-E694E38EF56D}.Analysis|Any CPU.ActiveCfg = Release|Any CPU
		{654D6521-43E1-48D2-BAEE-E694E38EF56D}.Analysis|Any CPU.Build.0 = Release|Any CPU
		{654D6521-43E1-48D2-BAEE-E694E38EF56D}.Analysis|x64.ActiveCfg = Debug|Any CPU
		{654D6521-43E1-48D2-BAEE-E694E38EF56D}.Analysis|x64.Build.0 = Debug|Any CPU
		{654D6521-43E1-48D2-BAEE-E694E38EF56D}.Analysis|x86.ActiveCfg = Debug|Any CPU
		{654D6521-43E1-48D2-BAEE-E694E38EF56D}.Analysis|x86.Build.0 = Debug|Any CPU
		{654D6521-43E1-48D2-BAEE-E694E38EF56D}.Debug|Any CPU.ActiveCfg = Debug|Any CPU
		{654D6521-43E1-48D2-BAEE-E694E38EF56D}.Debug|Any CPU.Build.0 = Debug|Any CPU
		{654D6521-43E1-48D2-BAEE-E694E38EF56D}.Debug|x64.ActiveCfg = Debug|Any CPU
		{654D6521-43E1-48D2-BAEE-E694E38EF56D}.Debug|x64.Build.0 = Debug|Any CPU
		{654D6521-43E1-48D2-BAEE-E694E38EF56D}.Debug|x86.ActiveCfg = Debug|Any CPU
		{654D6521-43E1-48D2-BAEE-E694E38EF56D}.Debug|x86.Build.0 = Debug|Any CPU
		{654D6521-43E1-48D2-BAEE-E694E38EF56D}.Release 4.5|Any CPU.ActiveCfg = Release|Any CPU
		{654D6521-43E1-48D2-BAEE-E694E38EF56D}.Release 4.5|Any CPU.Build.0 = Release|Any CPU
		{654D6521-43E1-48D2-BAEE-E694E38EF56D}.Release 4.5|x64.ActiveCfg = Release|Any CPU
		{654D6521-43E1-48D2-BAEE-E694E38EF56D}.Release 4.5|x64.Build.0 = Release|Any CPU
		{654D6521-43E1-48D2-BAEE-E694E38EF56D}.Release 4.5|x86.ActiveCfg = Release|Any CPU
		{654D6521-43E1-48D2-BAEE-E694E38EF56D}.Release 4.5|x86.Build.0 = Release|Any CPU
		{654D6521-43E1-48D2-BAEE-E694E38EF56D}.Release 4.6|Any CPU.ActiveCfg = Release|Any CPU
		{654D6521-43E1-48D2-BAEE-E694E38EF56D}.Release 4.6|Any CPU.Build.0 = Release|Any CPU
		{654D6521-43E1-48D2-BAEE-E694E38EF56D}.Release 4.6|x64.ActiveCfg = Release|Any CPU
		{654D6521-43E1-48D2-BAEE-E694E38EF56D}.Release 4.6|x64.Build.0 = Release|Any CPU
		{654D6521-43E1-48D2-BAEE-E694E38EF56D}.Release 4.6|x86.ActiveCfg = Release|Any CPU
		{654D6521-43E1-48D2-BAEE-E694E38EF56D}.Release 4.6|x86.Build.0 = Release|Any CPU
		{654D6521-43E1-48D2-BAEE-E694E38EF56D}.Release|Any CPU.ActiveCfg = Release|Any CPU
		{654D6521-43E1-48D2-BAEE-E694E38EF56D}.Release|Any CPU.Build.0 = Release|Any CPU
		{654D6521-43E1-48D2-BAEE-E694E38EF56D}.Release|x64.ActiveCfg = Release|Any CPU
		{654D6521-43E1-48D2-BAEE-E694E38EF56D}.Release|x64.Build.0 = Release|Any CPU
		{654D6521-43E1-48D2-BAEE-E694E38EF56D}.Release|x86.ActiveCfg = Release|Any CPU
		{654D6521-43E1-48D2-BAEE-E694E38EF56D}.Release|x86.Build.0 = Release|Any CPU
		{33580E59-AA08-45EF-B79F-2F8FE2F539CC}.Analysis|Any CPU.ActiveCfg = Debug|Any CPU
		{33580E59-AA08-45EF-B79F-2F8FE2F539CC}.Analysis|Any CPU.Build.0 = Debug|Any CPU
		{33580E59-AA08-45EF-B79F-2F8FE2F539CC}.Analysis|x64.ActiveCfg = Release|Any CPU
		{33580E59-AA08-45EF-B79F-2F8FE2F539CC}.Analysis|x64.Build.0 = Release|Any CPU
		{33580E59-AA08-45EF-B79F-2F8FE2F539CC}.Analysis|x86.ActiveCfg = Release|Any CPU
		{33580E59-AA08-45EF-B79F-2F8FE2F539CC}.Analysis|x86.Build.0 = Release|Any CPU
		{33580E59-AA08-45EF-B79F-2F8FE2F539CC}.Debug|Any CPU.ActiveCfg = Debug|Any CPU
		{33580E59-AA08-45EF-B79F-2F8FE2F539CC}.Debug|Any CPU.Build.0 = Debug|Any CPU
		{33580E59-AA08-45EF-B79F-2F8FE2F539CC}.Debug|x64.ActiveCfg = Debug|Any CPU
		{33580E59-AA08-45EF-B79F-2F8FE2F539CC}.Debug|x64.Build.0 = Debug|Any CPU
		{33580E59-AA08-45EF-B79F-2F8FE2F539CC}.Debug|x86.ActiveCfg = Debug|Any CPU
		{33580E59-AA08-45EF-B79F-2F8FE2F539CC}.Debug|x86.Build.0 = Debug|Any CPU
		{33580E59-AA08-45EF-B79F-2F8FE2F539CC}.Release 4.5|Any CPU.ActiveCfg = Release|Any CPU
		{33580E59-AA08-45EF-B79F-2F8FE2F539CC}.Release 4.5|Any CPU.Build.0 = Release|Any CPU
		{33580E59-AA08-45EF-B79F-2F8FE2F539CC}.Release 4.5|x64.ActiveCfg = Release|Any CPU
		{33580E59-AA08-45EF-B79F-2F8FE2F539CC}.Release 4.5|x64.Build.0 = Release|Any CPU
		{33580E59-AA08-45EF-B79F-2F8FE2F539CC}.Release 4.5|x86.ActiveCfg = Release|Any CPU
		{33580E59-AA08-45EF-B79F-2F8FE2F539CC}.Release 4.5|x86.Build.0 = Release|Any CPU
		{33580E59-AA08-45EF-B79F-2F8FE2F539CC}.Release 4.6|Any CPU.ActiveCfg = Release|Any CPU
		{33580E59-AA08-45EF-B79F-2F8FE2F539CC}.Release 4.6|Any CPU.Build.0 = Release|Any CPU
		{33580E59-AA08-45EF-B79F-2F8FE2F539CC}.Release 4.6|x64.ActiveCfg = Release|Any CPU
		{33580E59-AA08-45EF-B79F-2F8FE2F539CC}.Release 4.6|x64.Build.0 = Release|Any CPU
		{33580E59-AA08-45EF-B79F-2F8FE2F539CC}.Release 4.6|x86.ActiveCfg = Release|Any CPU
		{33580E59-AA08-45EF-B79F-2F8FE2F539CC}.Release 4.6|x86.Build.0 = Release|Any CPU
		{33580E59-AA08-45EF-B79F-2F8FE2F539CC}.Release|Any CPU.ActiveCfg = Release|Any CPU
		{33580E59-AA08-45EF-B79F-2F8FE2F539CC}.Release|Any CPU.Build.0 = Release|Any CPU
		{33580E59-AA08-45EF-B79F-2F8FE2F539CC}.Release|x64.ActiveCfg = Release|Any CPU
		{33580E59-AA08-45EF-B79F-2F8FE2F539CC}.Release|x64.Build.0 = Release|Any CPU
		{33580E59-AA08-45EF-B79F-2F8FE2F539CC}.Release|x86.ActiveCfg = Release|Any CPU
		{33580E59-AA08-45EF-B79F-2F8FE2F539CC}.Release|x86.Build.0 = Release|Any CPU
		{631A4ABE-0C76-4972-97F2-F6928F0608EE}.Analysis|Any CPU.ActiveCfg = Debug|Any CPU
		{631A4ABE-0C76-4972-97F2-F6928F0608EE}.Analysis|Any CPU.Build.0 = Debug|Any CPU
		{631A4ABE-0C76-4972-97F2-F6928F0608EE}.Analysis|x64.ActiveCfg = Debug|Any CPU
		{631A4ABE-0C76-4972-97F2-F6928F0608EE}.Analysis|x64.Build.0 = Debug|Any CPU
		{631A4ABE-0C76-4972-97F2-F6928F0608EE}.Analysis|x86.ActiveCfg = Release|Any CPU
		{631A4ABE-0C76-4972-97F2-F6928F0608EE}.Analysis|x86.Build.0 = Release|Any CPU
		{631A4ABE-0C76-4972-97F2-F6928F0608EE}.Debug|Any CPU.ActiveCfg = Debug|Any CPU
		{631A4ABE-0C76-4972-97F2-F6928F0608EE}.Debug|Any CPU.Build.0 = Debug|Any CPU
		{631A4ABE-0C76-4972-97F2-F6928F0608EE}.Debug|x64.ActiveCfg = Debug|Any CPU
		{631A4ABE-0C76-4972-97F2-F6928F0608EE}.Debug|x64.Build.0 = Debug|Any CPU
		{631A4ABE-0C76-4972-97F2-F6928F0608EE}.Debug|x86.ActiveCfg = Debug|Any CPU
		{631A4ABE-0C76-4972-97F2-F6928F0608EE}.Debug|x86.Build.0 = Debug|Any CPU
		{631A4ABE-0C76-4972-97F2-F6928F0608EE}.Release 4.5|Any CPU.ActiveCfg = Release|Any CPU
		{631A4ABE-0C76-4972-97F2-F6928F0608EE}.Release 4.5|Any CPU.Build.0 = Release|Any CPU
		{631A4ABE-0C76-4972-97F2-F6928F0608EE}.Release 4.5|x64.ActiveCfg = Release|Any CPU
		{631A4ABE-0C76-4972-97F2-F6928F0608EE}.Release 4.5|x64.Build.0 = Release|Any CPU
		{631A4ABE-0C76-4972-97F2-F6928F0608EE}.Release 4.5|x86.ActiveCfg = Release|Any CPU
		{631A4ABE-0C76-4972-97F2-F6928F0608EE}.Release 4.5|x86.Build.0 = Release|Any CPU
		{631A4ABE-0C76-4972-97F2-F6928F0608EE}.Release 4.6|Any CPU.ActiveCfg = Release|Any CPU
		{631A4ABE-0C76-4972-97F2-F6928F0608EE}.Release 4.6|Any CPU.Build.0 = Release|Any CPU
		{631A4ABE-0C76-4972-97F2-F6928F0608EE}.Release 4.6|x64.ActiveCfg = Release|Any CPU
		{631A4ABE-0C76-4972-97F2-F6928F0608EE}.Release 4.6|x64.Build.0 = Release|Any CPU
		{631A4ABE-0C76-4972-97F2-F6928F0608EE}.Release 4.6|x86.ActiveCfg = Release|Any CPU
		{631A4ABE-0C76-4972-97F2-F6928F0608EE}.Release 4.6|x86.Build.0 = Release|Any CPU
		{631A4ABE-0C76-4972-97F2-F6928F0608EE}.Release|Any CPU.ActiveCfg = Release|Any CPU
		{631A4ABE-0C76-4972-97F2-F6928F0608EE}.Release|Any CPU.Build.0 = Release|Any CPU
		{631A4ABE-0C76-4972-97F2-F6928F0608EE}.Release|x64.ActiveCfg = Release|Any CPU
		{631A4ABE-0C76-4972-97F2-F6928F0608EE}.Release|x64.Build.0 = Release|Any CPU
		{631A4ABE-0C76-4972-97F2-F6928F0608EE}.Release|x86.ActiveCfg = Release|Any CPU
		{631A4ABE-0C76-4972-97F2-F6928F0608EE}.Release|x86.Build.0 = Release|Any CPU
		{4C8D4EEA-E81B-4FD3-B6A4-9857ABC152A5}.Analysis|Any CPU.ActiveCfg = Debug|Any CPU
		{4C8D4EEA-E81B-4FD3-B6A4-9857ABC152A5}.Analysis|Any CPU.Build.0 = Debug|Any CPU
		{4C8D4EEA-E81B-4FD3-B6A4-9857ABC152A5}.Analysis|x64.ActiveCfg = Debug|Any CPU
		{4C8D4EEA-E81B-4FD3-B6A4-9857ABC152A5}.Analysis|x64.Build.0 = Debug|Any CPU
		{4C8D4EEA-E81B-4FD3-B6A4-9857ABC152A5}.Analysis|x86.ActiveCfg = Release|Any CPU
		{4C8D4EEA-E81B-4FD3-B6A4-9857ABC152A5}.Analysis|x86.Build.0 = Release|Any CPU
		{4C8D4EEA-E81B-4FD3-B6A4-9857ABC152A5}.Debug|Any CPU.ActiveCfg = Debug|Any CPU
		{4C8D4EEA-E81B-4FD3-B6A4-9857ABC152A5}.Debug|Any CPU.Build.0 = Debug|Any CPU
		{4C8D4EEA-E81B-4FD3-B6A4-9857ABC152A5}.Debug|x64.ActiveCfg = Debug|Any CPU
		{4C8D4EEA-E81B-4FD3-B6A4-9857ABC152A5}.Debug|x64.Build.0 = Debug|Any CPU
		{4C8D4EEA-E81B-4FD3-B6A4-9857ABC152A5}.Debug|x86.ActiveCfg = Debug|Any CPU
		{4C8D4EEA-E81B-4FD3-B6A4-9857ABC152A5}.Debug|x86.Build.0 = Debug|Any CPU
		{4C8D4EEA-E81B-4FD3-B6A4-9857ABC152A5}.Release 4.5|Any CPU.ActiveCfg = Release|Any CPU
		{4C8D4EEA-E81B-4FD3-B6A4-9857ABC152A5}.Release 4.5|Any CPU.Build.0 = Release|Any CPU
		{4C8D4EEA-E81B-4FD3-B6A4-9857ABC152A5}.Release 4.5|x64.ActiveCfg = Release|Any CPU
		{4C8D4EEA-E81B-4FD3-B6A4-9857ABC152A5}.Release 4.5|x64.Build.0 = Release|Any CPU
		{4C8D4EEA-E81B-4FD3-B6A4-9857ABC152A5}.Release 4.5|x86.ActiveCfg = Release|Any CPU
		{4C8D4EEA-E81B-4FD3-B6A4-9857ABC152A5}.Release 4.5|x86.Build.0 = Release|Any CPU
		{4C8D4EEA-E81B-4FD3-B6A4-9857ABC152A5}.Release 4.6|Any CPU.ActiveCfg = Release|Any CPU
		{4C8D4EEA-E81B-4FD3-B6A4-9857ABC152A5}.Release 4.6|Any CPU.Build.0 = Release|Any CPU
		{4C8D4EEA-E81B-4FD3-B6A4-9857ABC152A5}.Release 4.6|x64.ActiveCfg = Release|Any CPU
		{4C8D4EEA-E81B-4FD3-B6A4-9857ABC152A5}.Release 4.6|x64.Build.0 = Release|Any CPU
		{4C8D4EEA-E81B-4FD3-B6A4-9857ABC152A5}.Release 4.6|x86.ActiveCfg = Release|Any CPU
		{4C8D4EEA-E81B-4FD3-B6A4-9857ABC152A5}.Release 4.6|x86.Build.0 = Release|Any CPU
		{4C8D4EEA-E81B-4FD3-B6A4-9857ABC152A5}.Release|Any CPU.ActiveCfg = Release|Any CPU
		{4C8D4EEA-E81B-4FD3-B6A4-9857ABC152A5}.Release|Any CPU.Build.0 = Release|Any CPU
		{4C8D4EEA-E81B-4FD3-B6A4-9857ABC152A5}.Release|x64.ActiveCfg = Release|Any CPU
		{4C8D4EEA-E81B-4FD3-B6A4-9857ABC152A5}.Release|x64.Build.0 = Release|Any CPU
		{4C8D4EEA-E81B-4FD3-B6A4-9857ABC152A5}.Release|x86.ActiveCfg = Release|Any CPU
		{4C8D4EEA-E81B-4FD3-B6A4-9857ABC152A5}.Release|x86.Build.0 = Release|Any CPU
		{D18BDC44-577C-49BA-BB91-1311422D362A}.Analysis|Any CPU.ActiveCfg = Debug|Any CPU
		{D18BDC44-577C-49BA-BB91-1311422D362A}.Analysis|Any CPU.Build.0 = Debug|Any CPU
		{D18BDC44-577C-49BA-BB91-1311422D362A}.Analysis|x64.ActiveCfg = Debug|Any CPU
		{D18BDC44-577C-49BA-BB91-1311422D362A}.Analysis|x64.Build.0 = Debug|Any CPU
		{D18BDC44-577C-49BA-BB91-1311422D362A}.Analysis|x86.ActiveCfg = Release|Any CPU
		{D18BDC44-577C-49BA-BB91-1311422D362A}.Analysis|x86.Build.0 = Release|Any CPU
		{D18BDC44-577C-49BA-BB91-1311422D362A}.Debug|Any CPU.ActiveCfg = Debug|Any CPU
		{D18BDC44-577C-49BA-BB91-1311422D362A}.Debug|Any CPU.Build.0 = Debug|Any CPU
		{D18BDC44-577C-49BA-BB91-1311422D362A}.Debug|x64.ActiveCfg = Debug|Any CPU
		{D18BDC44-577C-49BA-BB91-1311422D362A}.Debug|x64.Build.0 = Debug|Any CPU
		{D18BDC44-577C-49BA-BB91-1311422D362A}.Debug|x86.ActiveCfg = Debug|Any CPU
		{D18BDC44-577C-49BA-BB91-1311422D362A}.Debug|x86.Build.0 = Debug|Any CPU
		{D18BDC44-577C-49BA-BB91-1311422D362A}.Release 4.5|Any CPU.ActiveCfg = Release|Any CPU
		{D18BDC44-577C-49BA-BB91-1311422D362A}.Release 4.5|Any CPU.Build.0 = Release|Any CPU
		{D18BDC44-577C-49BA-BB91-1311422D362A}.Release 4.5|x64.ActiveCfg = Release|Any CPU
		{D18BDC44-577C-49BA-BB91-1311422D362A}.Release 4.5|x64.Build.0 = Release|Any CPU
		{D18BDC44-577C-49BA-BB91-1311422D362A}.Release 4.5|x86.ActiveCfg = Release|Any CPU
		{D18BDC44-577C-49BA-BB91-1311422D362A}.Release 4.5|x86.Build.0 = Release|Any CPU
		{D18BDC44-577C-49BA-BB91-1311422D362A}.Release 4.6|Any CPU.ActiveCfg = Release|Any CPU
		{D18BDC44-577C-49BA-BB91-1311422D362A}.Release 4.6|Any CPU.Build.0 = Release|Any CPU
		{D18BDC44-577C-49BA-BB91-1311422D362A}.Release 4.6|x64.ActiveCfg = Release|Any CPU
		{D18BDC44-577C-49BA-BB91-1311422D362A}.Release 4.6|x64.Build.0 = Release|Any CPU
		{D18BDC44-577C-49BA-BB91-1311422D362A}.Release 4.6|x86.ActiveCfg = Release|Any CPU
		{D18BDC44-577C-49BA-BB91-1311422D362A}.Release 4.6|x86.Build.0 = Release|Any CPU
		{D18BDC44-577C-49BA-BB91-1311422D362A}.Release|Any CPU.ActiveCfg = Release|Any CPU
		{D18BDC44-577C-49BA-BB91-1311422D362A}.Release|Any CPU.Build.0 = Release|Any CPU
		{D18BDC44-577C-49BA-BB91-1311422D362A}.Release|x64.ActiveCfg = Release|Any CPU
		{D18BDC44-577C-49BA-BB91-1311422D362A}.Release|x64.Build.0 = Release|Any CPU
		{D18BDC44-577C-49BA-BB91-1311422D362A}.Release|x86.ActiveCfg = Release|Any CPU
		{D18BDC44-577C-49BA-BB91-1311422D362A}.Release|x86.Build.0 = Release|Any CPU
		{028E6F4E-D538-4B83-904C-C94C2F1E3C83}.Analysis|Any CPU.ActiveCfg = Release|Any CPU
		{028E6F4E-D538-4B83-904C-C94C2F1E3C83}.Analysis|Any CPU.Build.0 = Release|Any CPU
		{028E6F4E-D538-4B83-904C-C94C2F1E3C83}.Analysis|x64.ActiveCfg = Release|x64
		{028E6F4E-D538-4B83-904C-C94C2F1E3C83}.Analysis|x64.Build.0 = Release|x64
		{028E6F4E-D538-4B83-904C-C94C2F1E3C83}.Analysis|x86.ActiveCfg = Debug|Any CPU
		{028E6F4E-D538-4B83-904C-C94C2F1E3C83}.Analysis|x86.Build.0 = Debug|Any CPU
		{028E6F4E-D538-4B83-904C-C94C2F1E3C83}.Debug|Any CPU.ActiveCfg = Debug|Any CPU
		{028E6F4E-D538-4B83-904C-C94C2F1E3C83}.Debug|Any CPU.Build.0 = Debug|Any CPU
		{028E6F4E-D538-4B83-904C-C94C2F1E3C83}.Debug|x64.ActiveCfg = Debug|x64
		{028E6F4E-D538-4B83-904C-C94C2F1E3C83}.Debug|x64.Build.0 = Debug|x64
		{028E6F4E-D538-4B83-904C-C94C2F1E3C83}.Debug|x86.ActiveCfg = Debug|Any CPU
		{028E6F4E-D538-4B83-904C-C94C2F1E3C83}.Debug|x86.Build.0 = Debug|Any CPU
		{028E6F4E-D538-4B83-904C-C94C2F1E3C83}.Release 4.5|Any CPU.ActiveCfg = Release|Any CPU
		{028E6F4E-D538-4B83-904C-C94C2F1E3C83}.Release 4.5|Any CPU.Build.0 = Release|Any CPU
		{028E6F4E-D538-4B83-904C-C94C2F1E3C83}.Release 4.5|x64.ActiveCfg = Release|x64
		{028E6F4E-D538-4B83-904C-C94C2F1E3C83}.Release 4.5|x64.Build.0 = Release|x64
		{028E6F4E-D538-4B83-904C-C94C2F1E3C83}.Release 4.5|x86.ActiveCfg = Release|Any CPU
		{028E6F4E-D538-4B83-904C-C94C2F1E3C83}.Release 4.5|x86.Build.0 = Release|Any CPU
		{028E6F4E-D538-4B83-904C-C94C2F1E3C83}.Release 4.6|Any CPU.ActiveCfg = Release|Any CPU
		{028E6F4E-D538-4B83-904C-C94C2F1E3C83}.Release 4.6|Any CPU.Build.0 = Release|Any CPU
		{028E6F4E-D538-4B83-904C-C94C2F1E3C83}.Release 4.6|x64.ActiveCfg = Release|x64
		{028E6F4E-D538-4B83-904C-C94C2F1E3C83}.Release 4.6|x64.Build.0 = Release|x64
		{028E6F4E-D538-4B83-904C-C94C2F1E3C83}.Release 4.6|x86.ActiveCfg = Release|Any CPU
		{028E6F4E-D538-4B83-904C-C94C2F1E3C83}.Release 4.6|x86.Build.0 = Release|Any CPU
		{028E6F4E-D538-4B83-904C-C94C2F1E3C83}.Release|Any CPU.ActiveCfg = Release|Any CPU
		{028E6F4E-D538-4B83-904C-C94C2F1E3C83}.Release|Any CPU.Build.0 = Release|Any CPU
		{028E6F4E-D538-4B83-904C-C94C2F1E3C83}.Release|x64.ActiveCfg = Release|x64
		{028E6F4E-D538-4B83-904C-C94C2F1E3C83}.Release|x64.Build.0 = Release|x64
		{028E6F4E-D538-4B83-904C-C94C2F1E3C83}.Release|x86.ActiveCfg = Release|Any CPU
		{028E6F4E-D538-4B83-904C-C94C2F1E3C83}.Release|x86.Build.0 = Release|Any CPU
		{E290C0D7-06B7-47DC-81E7-98F08654FB0D}.Analysis|Any CPU.ActiveCfg = Release|Any CPU
		{E290C0D7-06B7-47DC-81E7-98F08654FB0D}.Analysis|Any CPU.Build.0 = Release|Any CPU
		{E290C0D7-06B7-47DC-81E7-98F08654FB0D}.Analysis|x64.ActiveCfg = Release|Any CPU
		{E290C0D7-06B7-47DC-81E7-98F08654FB0D}.Analysis|x64.Build.0 = Release|Any CPU
		{E290C0D7-06B7-47DC-81E7-98F08654FB0D}.Analysis|x86.ActiveCfg = Release|Any CPU
		{E290C0D7-06B7-47DC-81E7-98F08654FB0D}.Analysis|x86.Build.0 = Release|Any CPU
		{E290C0D7-06B7-47DC-81E7-98F08654FB0D}.Debug|Any CPU.ActiveCfg = Debug|Any CPU
		{E290C0D7-06B7-47DC-81E7-98F08654FB0D}.Debug|Any CPU.Build.0 = Debug|Any CPU
		{E290C0D7-06B7-47DC-81E7-98F08654FB0D}.Debug|x64.ActiveCfg = Debug|Any CPU
		{E290C0D7-06B7-47DC-81E7-98F08654FB0D}.Debug|x64.Build.0 = Debug|Any CPU
		{E290C0D7-06B7-47DC-81E7-98F08654FB0D}.Debug|x86.ActiveCfg = Debug|Any CPU
		{E290C0D7-06B7-47DC-81E7-98F08654FB0D}.Debug|x86.Build.0 = Debug|Any CPU
		{E290C0D7-06B7-47DC-81E7-98F08654FB0D}.Release 4.5|Any CPU.ActiveCfg = Release|Any CPU
		{E290C0D7-06B7-47DC-81E7-98F08654FB0D}.Release 4.5|Any CPU.Build.0 = Release|Any CPU
		{E290C0D7-06B7-47DC-81E7-98F08654FB0D}.Release 4.5|x64.ActiveCfg = Release|Any CPU
		{E290C0D7-06B7-47DC-81E7-98F08654FB0D}.Release 4.5|x64.Build.0 = Release|Any CPU
		{E290C0D7-06B7-47DC-81E7-98F08654FB0D}.Release 4.5|x86.ActiveCfg = Release|Any CPU
		{E290C0D7-06B7-47DC-81E7-98F08654FB0D}.Release 4.5|x86.Build.0 = Release|Any CPU
		{E290C0D7-06B7-47DC-81E7-98F08654FB0D}.Release 4.6|Any CPU.ActiveCfg = Release|Any CPU
		{E290C0D7-06B7-47DC-81E7-98F08654FB0D}.Release 4.6|Any CPU.Build.0 = Release|Any CPU
		{E290C0D7-06B7-47DC-81E7-98F08654FB0D}.Release 4.6|x64.ActiveCfg = Release|Any CPU
		{E290C0D7-06B7-47DC-81E7-98F08654FB0D}.Release 4.6|x64.Build.0 = Release|Any CPU
		{E290C0D7-06B7-47DC-81E7-98F08654FB0D}.Release 4.6|x86.ActiveCfg = Release|Any CPU
		{E290C0D7-06B7-47DC-81E7-98F08654FB0D}.Release 4.6|x86.Build.0 = Release|Any CPU
		{E290C0D7-06B7-47DC-81E7-98F08654FB0D}.Release|Any CPU.ActiveCfg = Release|Any CPU
		{E290C0D7-06B7-47DC-81E7-98F08654FB0D}.Release|Any CPU.Build.0 = Release|Any CPU
		{E290C0D7-06B7-47DC-81E7-98F08654FB0D}.Release|x64.ActiveCfg = Release|Any CPU
		{E290C0D7-06B7-47DC-81E7-98F08654FB0D}.Release|x64.Build.0 = Release|Any CPU
		{E290C0D7-06B7-47DC-81E7-98F08654FB0D}.Release|x86.ActiveCfg = Release|Any CPU
		{E290C0D7-06B7-47DC-81E7-98F08654FB0D}.Release|x86.Build.0 = Release|Any CPU
		{5116D93A-A7D9-4312-B052-FBC2FE5D0444}.Analysis|Any CPU.ActiveCfg = Release|Any CPU
		{5116D93A-A7D9-4312-B052-FBC2FE5D0444}.Analysis|Any CPU.Build.0 = Release|Any CPU
		{5116D93A-A7D9-4312-B052-FBC2FE5D0444}.Analysis|x64.ActiveCfg = Release|Any CPU
		{5116D93A-A7D9-4312-B052-FBC2FE5D0444}.Analysis|x64.Build.0 = Release|Any CPU
		{5116D93A-A7D9-4312-B052-FBC2FE5D0444}.Analysis|x86.ActiveCfg = Release|x86
		{5116D93A-A7D9-4312-B052-FBC2FE5D0444}.Analysis|x86.Build.0 = Release|x86
		{5116D93A-A7D9-4312-B052-FBC2FE5D0444}.Debug|Any CPU.ActiveCfg = Debug|Any CPU
		{5116D93A-A7D9-4312-B052-FBC2FE5D0444}.Debug|Any CPU.Build.0 = Debug|Any CPU
		{5116D93A-A7D9-4312-B052-FBC2FE5D0444}.Debug|x64.ActiveCfg = Debug|Any CPU
		{5116D93A-A7D9-4312-B052-FBC2FE5D0444}.Debug|x64.Build.0 = Debug|Any CPU
		{5116D93A-A7D9-4312-B052-FBC2FE5D0444}.Debug|x86.ActiveCfg = Debug|x86
		{5116D93A-A7D9-4312-B052-FBC2FE5D0444}.Debug|x86.Build.0 = Debug|x86
		{5116D93A-A7D9-4312-B052-FBC2FE5D0444}.Release 4.5|Any CPU.ActiveCfg = Release|Any CPU
		{5116D93A-A7D9-4312-B052-FBC2FE5D0444}.Release 4.5|Any CPU.Build.0 = Release|Any CPU
		{5116D93A-A7D9-4312-B052-FBC2FE5D0444}.Release 4.5|x64.ActiveCfg = Release|Any CPU
		{5116D93A-A7D9-4312-B052-FBC2FE5D0444}.Release 4.5|x64.Build.0 = Release|Any CPU
		{5116D93A-A7D9-4312-B052-FBC2FE5D0444}.Release 4.5|x86.ActiveCfg = Release|x86
		{5116D93A-A7D9-4312-B052-FBC2FE5D0444}.Release 4.5|x86.Build.0 = Release|x86
		{5116D93A-A7D9-4312-B052-FBC2FE5D0444}.Release 4.6|Any CPU.ActiveCfg = Release|Any CPU
		{5116D93A-A7D9-4312-B052-FBC2FE5D0444}.Release 4.6|Any CPU.Build.0 = Release|Any CPU
		{5116D93A-A7D9-4312-B052-FBC2FE5D0444}.Release 4.6|x64.ActiveCfg = Release|Any CPU
		{5116D93A-A7D9-4312-B052-FBC2FE5D0444}.Release 4.6|x64.Build.0 = Release|Any CPU
		{5116D93A-A7D9-4312-B052-FBC2FE5D0444}.Release 4.6|x86.ActiveCfg = Release|x86
		{5116D93A-A7D9-4312-B052-FBC2FE5D0444}.Release 4.6|x86.Build.0 = Release|x86
		{5116D93A-A7D9-4312-B052-FBC2FE5D0444}.Release|Any CPU.ActiveCfg = Release|Any CPU
		{5116D93A-A7D9-4312-B052-FBC2FE5D0444}.Release|Any CPU.Build.0 = Release|Any CPU
		{5116D93A-A7D9-4312-B052-FBC2FE5D0444}.Release|x64.ActiveCfg = Release|Any CPU
		{5116D93A-A7D9-4312-B052-FBC2FE5D0444}.Release|x64.Build.0 = Release|Any CPU
		{5116D93A-A7D9-4312-B052-FBC2FE5D0444}.Release|x86.ActiveCfg = Release|x86
		{5116D93A-A7D9-4312-B052-FBC2FE5D0444}.Release|x86.Build.0 = Release|x86
		{585A9E6B-A055-46C9-9055-3A46E9DC2760}.Analysis|Any CPU.ActiveCfg = Release|Any CPU
		{585A9E6B-A055-46C9-9055-3A46E9DC2760}.Analysis|Any CPU.Build.0 = Release|Any CPU
		{585A9E6B-A055-46C9-9055-3A46E9DC2760}.Analysis|x64.ActiveCfg = Release|Any CPU
		{585A9E6B-A055-46C9-9055-3A46E9DC2760}.Analysis|x64.Build.0 = Release|Any CPU
		{585A9E6B-A055-46C9-9055-3A46E9DC2760}.Analysis|x86.ActiveCfg = Release|Any CPU
		{585A9E6B-A055-46C9-9055-3A46E9DC2760}.Analysis|x86.Build.0 = Release|Any CPU
		{585A9E6B-A055-46C9-9055-3A46E9DC2760}.Debug|Any CPU.ActiveCfg = Debug|Any CPU
		{585A9E6B-A055-46C9-9055-3A46E9DC2760}.Debug|Any CPU.Build.0 = Debug|Any CPU
		{585A9E6B-A055-46C9-9055-3A46E9DC2760}.Debug|x64.ActiveCfg = Debug|Any CPU
		{585A9E6B-A055-46C9-9055-3A46E9DC2760}.Debug|x64.Build.0 = Debug|Any CPU
		{585A9E6B-A055-46C9-9055-3A46E9DC2760}.Debug|x86.ActiveCfg = Debug|Any CPU
		{585A9E6B-A055-46C9-9055-3A46E9DC2760}.Debug|x86.Build.0 = Debug|Any CPU
		{585A9E6B-A055-46C9-9055-3A46E9DC2760}.Release 4.5|Any CPU.ActiveCfg = Release|Any CPU
		{585A9E6B-A055-46C9-9055-3A46E9DC2760}.Release 4.5|Any CPU.Build.0 = Release|Any CPU
		{585A9E6B-A055-46C9-9055-3A46E9DC2760}.Release 4.5|x64.ActiveCfg = Release|Any CPU
		{585A9E6B-A055-46C9-9055-3A46E9DC2760}.Release 4.5|x64.Build.0 = Release|Any CPU
		{585A9E6B-A055-46C9-9055-3A46E9DC2760}.Release 4.5|x86.ActiveCfg = Release|Any CPU
		{585A9E6B-A055-46C9-9055-3A46E9DC2760}.Release 4.5|x86.Build.0 = Release|Any CPU
		{585A9E6B-A055-46C9-9055-3A46E9DC2760}.Release 4.6|Any CPU.ActiveCfg = Release|Any CPU
		{585A9E6B-A055-46C9-9055-3A46E9DC2760}.Release 4.6|Any CPU.Build.0 = Release|Any CPU
		{585A9E6B-A055-46C9-9055-3A46E9DC2760}.Release 4.6|x64.ActiveCfg = Release|Any CPU
		{585A9E6B-A055-46C9-9055-3A46E9DC2760}.Release 4.6|x64.Build.0 = Release|Any CPU
		{585A9E6B-A055-46C9-9055-3A46E9DC2760}.Release 4.6|x86.ActiveCfg = Release|Any CPU
		{585A9E6B-A055-46C9-9055-3A46E9DC2760}.Release 4.6|x86.Build.0 = Release|Any CPU
		{585A9E6B-A055-46C9-9055-3A46E9DC2760}.Release|Any CPU.ActiveCfg = Release|Any CPU
		{585A9E6B-A055-46C9-9055-3A46E9DC2760}.Release|Any CPU.Build.0 = Release|Any CPU
		{585A9E6B-A055-46C9-9055-3A46E9DC2760}.Release|x64.ActiveCfg = Release|Any CPU
		{585A9E6B-A055-46C9-9055-3A46E9DC2760}.Release|x64.Build.0 = Release|Any CPU
		{585A9E6B-A055-46C9-9055-3A46E9DC2760}.Release|x86.ActiveCfg = Release|Any CPU
		{585A9E6B-A055-46C9-9055-3A46E9DC2760}.Release|x86.Build.0 = Release|Any CPU
	EndGlobalSection
	GlobalSection(SolutionProperties) = preSolution
		HideSolutionNode = FALSE
	EndGlobalSection
	GlobalSection(NestedProjects) = preSolution
		{631A4ABE-0C76-4972-97F2-F6928F0608EE} = {8743A6A9-264D-4A94-883E-2211A5F6DEA7}
		{4C8D4EEA-E81B-4FD3-B6A4-9857ABC152A5} = {8743A6A9-264D-4A94-883E-2211A5F6DEA7}
		{D18BDC44-577C-49BA-BB91-1311422D362A} = {8743A6A9-264D-4A94-883E-2211A5F6DEA7}
		{028E6F4E-D538-4B83-904C-C94C2F1E3C83} = {FF9EC311-8D8B-435F-A591-078C55A1440C}
		{8743A6A9-264D-4A94-883E-2211A5F6DEA7} = {750A0C8F-B866-4D22-A4BE-C852592C3218}
		{FF9EC311-8D8B-435F-A591-078C55A1440C} = {750A0C8F-B866-4D22-A4BE-C852592C3218}
		{E3A2118B-72E7-404E-B6C1-896516E6FD79} = {750A0C8F-B866-4D22-A4BE-C852592C3218}
		{5116D93A-A7D9-4312-B052-FBC2FE5D0444} = {E3A2118B-72E7-404E-B6C1-896516E6FD79}
		{585A9E6B-A055-46C9-9055-3A46E9DC2760} = {E3A2118B-72E7-404E-B6C1-896516E6FD79}
	EndGlobalSection
	GlobalSection(ExtensibilityGlobals) = postSolution
		SolutionGuid = {9E465C6F-DA70-4513-BFF1-251942568671}
	EndGlobalSection
EndGlobal
