
Microsoft Visual Studio Solution File, Format Version 12.00
# Visual Studio Version 17
VisualStudioVersion = 17.2.32317.152
MinimumVisualStudioVersion = 10.0.40219.1
Project("{9A19103F-16F7-4668-BE54-9A1E7A4F7556}") = "OsuPlayer.Wpf", "Legacy\OsuPlayer.Wpf\OsuPlayer.Wpf.csproj", "{02773E4B-21FC-47DB-A7C1-BD096F325136}"
EndProject
Project("{9A19103F-16F7-4668-BE54-9A1E7A4F7556}") = "OsuPlayer.Media.Audio", "Legacy\OsuPlayer.Media.Audio\OsuPlayer.Media.Audio.csproj", "{3CD240F8-DA65-44F0-AB58-D78F58109786}"
EndProject
Project("{9A19103F-16F7-4668-BE54-9A1E7A4F7556}") = "OsuPlayer.Common", "Legacy\OsuPlayer.Common\OsuPlayer.Common.csproj", "{654D6521-43E1-48D2-BAEE-E694E38EF56D}"
EndProject
Project("{9A19103F-16F7-4668-BE54-9A1E7A4F7556}") = "OsuPlayer.Media.Lyric", "Legacy\OsuPlayer.Media.Lyric\OsuPlayer.Media.Lyric.csproj", "{33580E59-AA08-45EF-B79F-2F8FE2F539CC}"
EndProject
Project("{2150E333-8FDC-42A3-9474-1A3956D46DE8}") = "Libraries", "Libraries", "{750A0C8F-B866-4D22-A4BE-C852592C3218}"
EndProject
Project("{9A19103F-16F7-4668-BE54-9A1E7A4F7556}") = "OsuPlayer.Shared", "Legacy\OsuPlayer.Shared\OsuPlayer.Shared.csproj", "{C842FAB3-EC80-4E95-B402-BF0572F1806D}"
EndProject
Project("{9A19103F-16F7-4668-BE54-9A1E7A4F7556}") = "OsuPlayer.Presentation", "Legacy\OsuPlayer.Presentation\OsuPlayer.Presentation.csproj", "{93E3612C-D388-438F-A04A-047265820998}"
EndProject
Project("{9A19103F-16F7-4668-BE54-9A1E7A4F7556}") = "OsuPlayer.Data", "Legacy\OsuPlayer.Data\OsuPlayer.Data.csproj", "{094FAC4A-6277-46E8-97B4-C992F1674638}"
EndProject
Project("{9A19103F-16F7-4668-BE54-9A1E7A4F7556}") = "OsuPlayer.Sentry", "Legacy\OsuPlayer.Sentry\OsuPlayer.Sentry.csproj", "{D7CDC8CD-D55B-427C-B62D-3ED039785047}"
EndProject
Project("{9A19103F-16F7-4668-BE54-9A1E7A4F7556}") = "Milki.Extensions.MixPlayer", "Libraries\Milki.Extensions.Audio\src\Milki.Extensions.MixPlayer\Milki.Extensions.MixPlayer.csproj", "{016963A7-E069-4EF4-8218-2B21C2D3E269}"
EndProject
Project("{2150E333-8FDC-42A3-9474-1A3956D46DE8}") = "Tests", "Tests", "{9C61D5C2-C8AF-42D6-88C3-A8D52806F1A9}"
EndProject
Project("{9A19103F-16F7-4668-BE54-9A1E7A4F7556}") = "CorePlayerTest", "Tests\CorePlayerTest\CorePlayerTest.csproj", "{A8039DBD-C647-4BB5-BAB5-38169C4BF934}"
EndProject
Project("{9A19103F-16F7-4668-BE54-9A1E7A4F7556}") = "ExportTest", "Tests\ExportTest\ExportTest.csproj", "{7CF4CDB7-219E-4618-A928-E72F97435FF7}"
EndProject
Project("{9A19103F-16F7-4668-BE54-9A1E7A4F7556}") = "BassTest", "Tests\BassTest\BassTest.csproj", "{4438E3CF-3430-4E86-BE27-E9E1C38B9D35}"
EndProject
Project("{2150E333-8FDC-42A3-9474-1A3956D46DE8}") = "Legacy", "Legacy", "{7988EFEB-B6C6-4FE8-A254-EA00F2EA3BD9}"
EndProject
Project("{9A19103F-16F7-4668-BE54-9A1E7A4F7556}") = "OsuPlayer", "OsuPlayer\OsuPlayer.csproj", "{EBBD8D76-C4FA-4F7C-B867-540CA909AF51}"
EndProject
Project("{9A19103F-16F7-4668-BE54-9A1E7A4F7556}") = "OsuPlayer.Data", "OsuPlayer.Data\OsuPlayer.Data.csproj", "{0711C371-0CD2-4828-A089-CD8810BCEC2D}"
EndProject
Project("{9A19103F-16F7-4668-BE54-9A1E7A4F7556}") = "OsuPlayer.Shared", "OsuPlayer.Shared\OsuPlayer.Shared.csproj", "{E0CE40FF-B0C0-45CF-BFA9-E330750CF636}"
EndProject
Project("{9A19103F-16F7-4668-BE54-9A1E7A4F7556}") = "DbSyncTest", "Tests\DbSyncTest\DbSyncTest.csproj", "{EC114013-AE8D-41D2-A0BF-4D023E244FB8}"
EndProject
Project("{2150E333-8FDC-42A3-9474-1A3956D46DE8}") = "Benchmarks", "Benchmarks", "{A35E40A0-0839-4DF7-B327-250180294BE8}"
EndProject
Project("{9A19103F-16F7-4668-BE54-9A1E7A4F7556}") = "DbBenchmarks", "Benchmarks\DbBenchmarks\DbBenchmarks.csproj", "{DFBCE031-8205-4C06-A387-E2A46D649BC5}"
EndProject
Project("{9A19103F-16F7-4668-BE54-9A1E7A4F7556}") = "OsuPlayer.Audio", "OsuPlayer.Audio\OsuPlayer.Audio.csproj", "{257ED092-3F83-4DEE-BC07-6ECA285FAECA}"
EndProject
Project("{9A19103F-16F7-4668-BE54-9A1E7A4F7556}") = "UnitTests", "Tests\UnitTests\UnitTests.csproj", "{DC35FCD0-E53D-4E8C-8CB9-A5564ABE9D3D}"
EndProject
Project("{9A19103F-16F7-4668-BE54-9A1E7A4F7556}") = "OsuPlayer.Core", "OsuPlayer.Core\OsuPlayer.Core.csproj", "{0853A843-6D5E-40BF-8513-FF66A97D53D7}"
EndProject
Global
	GlobalSection(SolutionConfigurationPlatforms) = preSolution
		Analysis|Any CPU = Analysis|Any CPU
		Analysis|arm64 = Analysis|arm64
		Analysis|x64 = Analysis|x64
		Analysis|x86 = Analysis|x86
		Debug|Any CPU = Debug|Any CPU
		Debug|arm64 = Debug|arm64
		Debug|x64 = Debug|x64
		Debug|x86 = Debug|x86
		Release 4.5|Any CPU = Release 4.5|Any CPU
		Release 4.5|arm64 = Release 4.5|arm64
		Release 4.5|x64 = Release 4.5|x64
		Release 4.5|x86 = Release 4.5|x86
		Release 4.6|Any CPU = Release 4.6|Any CPU
		Release 4.6|arm64 = Release 4.6|arm64
		Release 4.6|x64 = Release 4.6|x64
		Release 4.6|x86 = Release 4.6|x86
		Release|Any CPU = Release|Any CPU
		Release|arm64 = Release|arm64
		Release|x64 = Release|x64
		Release|x86 = Release|x86
	EndGlobalSection
	GlobalSection(ProjectConfigurationPlatforms) = postSolution
		{02773E4B-21FC-47DB-A7C1-BD096F325136}.Analysis|Any CPU.ActiveCfg = Release|Any CPU
		{02773E4B-21FC-47DB-A7C1-BD096F325136}.Analysis|Any CPU.Build.0 = Release|Any CPU
		{02773E4B-21FC-47DB-A7C1-BD096F325136}.Analysis|arm64.ActiveCfg = Debug|Any CPU
		{02773E4B-21FC-47DB-A7C1-BD096F325136}.Analysis|arm64.Build.0 = Debug|Any CPU
		{02773E4B-21FC-47DB-A7C1-BD096F325136}.Analysis|x64.ActiveCfg = Debug|Any CPU
		{02773E4B-21FC-47DB-A7C1-BD096F325136}.Analysis|x64.Build.0 = Debug|Any CPU
		{02773E4B-21FC-47DB-A7C1-BD096F325136}.Analysis|x86.ActiveCfg = Debug|Any CPU
		{02773E4B-21FC-47DB-A7C1-BD096F325136}.Analysis|x86.Build.0 = Debug|Any CPU
		{02773E4B-21FC-47DB-A7C1-BD096F325136}.Debug|Any CPU.ActiveCfg = Debug|Any CPU
		{02773E4B-21FC-47DB-A7C1-BD096F325136}.Debug|Any CPU.Build.0 = Debug|Any CPU
		{02773E4B-21FC-47DB-A7C1-BD096F325136}.Debug|arm64.ActiveCfg = Debug|Any CPU
		{02773E4B-21FC-47DB-A7C1-BD096F325136}.Debug|arm64.Build.0 = Debug|Any CPU
		{02773E4B-21FC-47DB-A7C1-BD096F325136}.Debug|x64.ActiveCfg = Debug|Any CPU
		{02773E4B-21FC-47DB-A7C1-BD096F325136}.Debug|x64.Build.0 = Debug|Any CPU
		{02773E4B-21FC-47DB-A7C1-BD096F325136}.Debug|x86.ActiveCfg = Debug|Any CPU
		{02773E4B-21FC-47DB-A7C1-BD096F325136}.Debug|x86.Build.0 = Debug|Any CPU
		{02773E4B-21FC-47DB-A7C1-BD096F325136}.Release 4.5|Any CPU.ActiveCfg = Release|Any CPU
		{02773E4B-21FC-47DB-A7C1-BD096F325136}.Release 4.5|Any CPU.Build.0 = Release|Any CPU
		{02773E4B-21FC-47DB-A7C1-BD096F325136}.Release 4.5|arm64.ActiveCfg = Release|Any CPU
		{02773E4B-21FC-47DB-A7C1-BD096F325136}.Release 4.5|arm64.Build.0 = Release|Any CPU
		{02773E4B-21FC-47DB-A7C1-BD096F325136}.Release 4.5|x64.ActiveCfg = Release|Any CPU
		{02773E4B-21FC-47DB-A7C1-BD096F325136}.Release 4.5|x64.Build.0 = Release|Any CPU
		{02773E4B-21FC-47DB-A7C1-BD096F325136}.Release 4.5|x86.ActiveCfg = Release|Any CPU
		{02773E4B-21FC-47DB-A7C1-BD096F325136}.Release 4.5|x86.Build.0 = Release|Any CPU
		{02773E4B-21FC-47DB-A7C1-BD096F325136}.Release 4.6|Any CPU.ActiveCfg = Release|Any CPU
		{02773E4B-21FC-47DB-A7C1-BD096F325136}.Release 4.6|Any CPU.Build.0 = Release|Any CPU
		{02773E4B-21FC-47DB-A7C1-BD096F325136}.Release 4.6|arm64.ActiveCfg = Release|Any CPU
		{02773E4B-21FC-47DB-A7C1-BD096F325136}.Release 4.6|arm64.Build.0 = Release|Any CPU
		{02773E4B-21FC-47DB-A7C1-BD096F325136}.Release 4.6|x64.ActiveCfg = Release|Any CPU
		{02773E4B-21FC-47DB-A7C1-BD096F325136}.Release 4.6|x64.Build.0 = Release|Any CPU
		{02773E4B-21FC-47DB-A7C1-BD096F325136}.Release 4.6|x86.ActiveCfg = Release|Any CPU
		{02773E4B-21FC-47DB-A7C1-BD096F325136}.Release 4.6|x86.Build.0 = Release|Any CPU
		{02773E4B-21FC-47DB-A7C1-BD096F325136}.Release|Any CPU.ActiveCfg = Release|Any CPU
		{02773E4B-21FC-47DB-A7C1-BD096F325136}.Release|Any CPU.Build.0 = Release|Any CPU
		{02773E4B-21FC-47DB-A7C1-BD096F325136}.Release|arm64.ActiveCfg = Release|Any CPU
		{02773E4B-21FC-47DB-A7C1-BD096F325136}.Release|arm64.Build.0 = Release|Any CPU
		{02773E4B-21FC-47DB-A7C1-BD096F325136}.Release|x64.ActiveCfg = Release|Any CPU
		{02773E4B-21FC-47DB-A7C1-BD096F325136}.Release|x64.Build.0 = Release|Any CPU
		{02773E4B-21FC-47DB-A7C1-BD096F325136}.Release|x86.ActiveCfg = Release|Any CPU
		{02773E4B-21FC-47DB-A7C1-BD096F325136}.Release|x86.Build.0 = Release|Any CPU
		{3CD240F8-DA65-44F0-AB58-D78F58109786}.Analysis|Any CPU.ActiveCfg = Release|Any CPU
		{3CD240F8-DA65-44F0-AB58-D78F58109786}.Analysis|Any CPU.Build.0 = Release|Any CPU
		{3CD240F8-DA65-44F0-AB58-D78F58109786}.Analysis|arm64.ActiveCfg = Debug|Any CPU
		{3CD240F8-DA65-44F0-AB58-D78F58109786}.Analysis|arm64.Build.0 = Debug|Any CPU
		{3CD240F8-DA65-44F0-AB58-D78F58109786}.Analysis|x64.ActiveCfg = Debug|Any CPU
		{3CD240F8-DA65-44F0-AB58-D78F58109786}.Analysis|x64.Build.0 = Debug|Any CPU
		{3CD240F8-DA65-44F0-AB58-D78F58109786}.Analysis|x86.ActiveCfg = Debug|Any CPU
		{3CD240F8-DA65-44F0-AB58-D78F58109786}.Analysis|x86.Build.0 = Debug|Any CPU
		{3CD240F8-DA65-44F0-AB58-D78F58109786}.Debug|Any CPU.ActiveCfg = Debug|Any CPU
		{3CD240F8-DA65-44F0-AB58-D78F58109786}.Debug|Any CPU.Build.0 = Debug|Any CPU
		{3CD240F8-DA65-44F0-AB58-D78F58109786}.Debug|arm64.ActiveCfg = Debug|Any CPU
		{3CD240F8-DA65-44F0-AB58-D78F58109786}.Debug|arm64.Build.0 = Debug|Any CPU
		{3CD240F8-DA65-44F0-AB58-D78F58109786}.Debug|x64.ActiveCfg = Debug|Any CPU
		{3CD240F8-DA65-44F0-AB58-D78F58109786}.Debug|x64.Build.0 = Debug|Any CPU
		{3CD240F8-DA65-44F0-AB58-D78F58109786}.Debug|x86.ActiveCfg = Debug|Any CPU
		{3CD240F8-DA65-44F0-AB58-D78F58109786}.Debug|x86.Build.0 = Debug|Any CPU
		{3CD240F8-DA65-44F0-AB58-D78F58109786}.Release 4.5|Any CPU.ActiveCfg = Release|Any CPU
		{3CD240F8-DA65-44F0-AB58-D78F58109786}.Release 4.5|Any CPU.Build.0 = Release|Any CPU
		{3CD240F8-DA65-44F0-AB58-D78F58109786}.Release 4.5|arm64.ActiveCfg = Release|Any CPU
		{3CD240F8-DA65-44F0-AB58-D78F58109786}.Release 4.5|arm64.Build.0 = Release|Any CPU
		{3CD240F8-DA65-44F0-AB58-D78F58109786}.Release 4.5|x64.ActiveCfg = Release|Any CPU
		{3CD240F8-DA65-44F0-AB58-D78F58109786}.Release 4.5|x64.Build.0 = Release|Any CPU
		{3CD240F8-DA65-44F0-AB58-D78F58109786}.Release 4.5|x86.ActiveCfg = Release|Any CPU
		{3CD240F8-DA65-44F0-AB58-D78F58109786}.Release 4.5|x86.Build.0 = Release|Any CPU
		{3CD240F8-DA65-44F0-AB58-D78F58109786}.Release 4.6|Any CPU.ActiveCfg = Release|Any CPU
		{3CD240F8-DA65-44F0-AB58-D78F58109786}.Release 4.6|Any CPU.Build.0 = Release|Any CPU
		{3CD240F8-DA65-44F0-AB58-D78F58109786}.Release 4.6|arm64.ActiveCfg = Release|Any CPU
		{3CD240F8-DA65-44F0-AB58-D78F58109786}.Release 4.6|arm64.Build.0 = Release|Any CPU
		{3CD240F8-DA65-44F0-AB58-D78F58109786}.Release 4.6|x64.ActiveCfg = Release|Any CPU
		{3CD240F8-DA65-44F0-AB58-D78F58109786}.Release 4.6|x64.Build.0 = Release|Any CPU
		{3CD240F8-DA65-44F0-AB58-D78F58109786}.Release 4.6|x86.ActiveCfg = Release|Any CPU
		{3CD240F8-DA65-44F0-AB58-D78F58109786}.Release 4.6|x86.Build.0 = Release|Any CPU
		{3CD240F8-DA65-44F0-AB58-D78F58109786}.Release|Any CPU.ActiveCfg = Release|Any CPU
		{3CD240F8-DA65-44F0-AB58-D78F58109786}.Release|Any CPU.Build.0 = Release|Any CPU
		{3CD240F8-DA65-44F0-AB58-D78F58109786}.Release|arm64.ActiveCfg = Release|Any CPU
		{3CD240F8-DA65-44F0-AB58-D78F58109786}.Release|arm64.Build.0 = Release|Any CPU
		{3CD240F8-DA65-44F0-AB58-D78F58109786}.Release|x64.ActiveCfg = Release|Any CPU
		{3CD240F8-DA65-44F0-AB58-D78F58109786}.Release|x64.Build.0 = Release|Any CPU
		{3CD240F8-DA65-44F0-AB58-D78F58109786}.Release|x86.ActiveCfg = Release|Any CPU
		{3CD240F8-DA65-44F0-AB58-D78F58109786}.Release|x86.Build.0 = Release|Any CPU
		{654D6521-43E1-48D2-BAEE-E694E38EF56D}.Analysis|Any CPU.ActiveCfg = Release|Any CPU
		{654D6521-43E1-48D2-BAEE-E694E38EF56D}.Analysis|Any CPU.Build.0 = Release|Any CPU
		{654D6521-43E1-48D2-BAEE-E694E38EF56D}.Analysis|arm64.ActiveCfg = Debug|Any CPU
		{654D6521-43E1-48D2-BAEE-E694E38EF56D}.Analysis|arm64.Build.0 = Debug|Any CPU
		{654D6521-43E1-48D2-BAEE-E694E38EF56D}.Analysis|x64.ActiveCfg = Debug|Any CPU
		{654D6521-43E1-48D2-BAEE-E694E38EF56D}.Analysis|x64.Build.0 = Debug|Any CPU
		{654D6521-43E1-48D2-BAEE-E694E38EF56D}.Analysis|x86.ActiveCfg = Debug|Any CPU
		{654D6521-43E1-48D2-BAEE-E694E38EF56D}.Analysis|x86.Build.0 = Debug|Any CPU
		{654D6521-43E1-48D2-BAEE-E694E38EF56D}.Debug|Any CPU.ActiveCfg = Debug|Any CPU
		{654D6521-43E1-48D2-BAEE-E694E38EF56D}.Debug|Any CPU.Build.0 = Debug|Any CPU
		{654D6521-43E1-48D2-BAEE-E694E38EF56D}.Debug|arm64.ActiveCfg = Debug|Any CPU
		{654D6521-43E1-48D2-BAEE-E694E38EF56D}.Debug|arm64.Build.0 = Debug|Any CPU
		{654D6521-43E1-48D2-BAEE-E694E38EF56D}.Debug|x64.ActiveCfg = Debug|Any CPU
		{654D6521-43E1-48D2-BAEE-E694E38EF56D}.Debug|x64.Build.0 = Debug|Any CPU
		{654D6521-43E1-48D2-BAEE-E694E38EF56D}.Debug|x86.ActiveCfg = Debug|Any CPU
		{654D6521-43E1-48D2-BAEE-E694E38EF56D}.Debug|x86.Build.0 = Debug|Any CPU
		{654D6521-43E1-48D2-BAEE-E694E38EF56D}.Release 4.5|Any CPU.ActiveCfg = Release|Any CPU
		{654D6521-43E1-48D2-BAEE-E694E38EF56D}.Release 4.5|Any CPU.Build.0 = Release|Any CPU
		{654D6521-43E1-48D2-BAEE-E694E38EF56D}.Release 4.5|arm64.ActiveCfg = Release|Any CPU
		{654D6521-43E1-48D2-BAEE-E694E38EF56D}.Release 4.5|arm64.Build.0 = Release|Any CPU
		{654D6521-43E1-48D2-BAEE-E694E38EF56D}.Release 4.5|x64.ActiveCfg = Release|Any CPU
		{654D6521-43E1-48D2-BAEE-E694E38EF56D}.Release 4.5|x64.Build.0 = Release|Any CPU
		{654D6521-43E1-48D2-BAEE-E694E38EF56D}.Release 4.5|x86.ActiveCfg = Release|Any CPU
		{654D6521-43E1-48D2-BAEE-E694E38EF56D}.Release 4.5|x86.Build.0 = Release|Any CPU
		{654D6521-43E1-48D2-BAEE-E694E38EF56D}.Release 4.6|Any CPU.ActiveCfg = Release|Any CPU
		{654D6521-43E1-48D2-BAEE-E694E38EF56D}.Release 4.6|Any CPU.Build.0 = Release|Any CPU
		{654D6521-43E1-48D2-BAEE-E694E38EF56D}.Release 4.6|arm64.ActiveCfg = Release|Any CPU
		{654D6521-43E1-48D2-BAEE-E694E38EF56D}.Release 4.6|arm64.Build.0 = Release|Any CPU
		{654D6521-43E1-48D2-BAEE-E694E38EF56D}.Release 4.6|x64.ActiveCfg = Release|Any CPU
		{654D6521-43E1-48D2-BAEE-E694E38EF56D}.Release 4.6|x64.Build.0 = Release|Any CPU
		{654D6521-43E1-48D2-BAEE-E694E38EF56D}.Release 4.6|x86.ActiveCfg = Release|Any CPU
		{654D6521-43E1-48D2-BAEE-E694E38EF56D}.Release 4.6|x86.Build.0 = Release|Any CPU
		{654D6521-43E1-48D2-BAEE-E694E38EF56D}.Release|Any CPU.ActiveCfg = Release|Any CPU
		{654D6521-43E1-48D2-BAEE-E694E38EF56D}.Release|Any CPU.Build.0 = Release|Any CPU
		{654D6521-43E1-48D2-BAEE-E694E38EF56D}.Release|arm64.ActiveCfg = Release|Any CPU
		{654D6521-43E1-48D2-BAEE-E694E38EF56D}.Release|arm64.Build.0 = Release|Any CPU
		{654D6521-43E1-48D2-BAEE-E694E38EF56D}.Release|x64.ActiveCfg = Release|Any CPU
		{654D6521-43E1-48D2-BAEE-E694E38EF56D}.Release|x64.Build.0 = Release|Any CPU
		{654D6521-43E1-48D2-BAEE-E694E38EF56D}.Release|x86.ActiveCfg = Release|Any CPU
		{654D6521-43E1-48D2-BAEE-E694E38EF56D}.Release|x86.Build.0 = Release|Any CPU
		{33580E59-AA08-45EF-B79F-2F8FE2F539CC}.Analysis|Any CPU.ActiveCfg = Debug|Any CPU
		{33580E59-AA08-45EF-B79F-2F8FE2F539CC}.Analysis|Any CPU.Build.0 = Debug|Any CPU
		{33580E59-AA08-45EF-B79F-2F8FE2F539CC}.Analysis|arm64.ActiveCfg = Release|Any CPU
		{33580E59-AA08-45EF-B79F-2F8FE2F539CC}.Analysis|arm64.Build.0 = Release|Any CPU
		{33580E59-AA08-45EF-B79F-2F8FE2F539CC}.Analysis|x64.ActiveCfg = Release|Any CPU
		{33580E59-AA08-45EF-B79F-2F8FE2F539CC}.Analysis|x64.Build.0 = Release|Any CPU
		{33580E59-AA08-45EF-B79F-2F8FE2F539CC}.Analysis|x86.ActiveCfg = Release|Any CPU
		{33580E59-AA08-45EF-B79F-2F8FE2F539CC}.Analysis|x86.Build.0 = Release|Any CPU
		{33580E59-AA08-45EF-B79F-2F8FE2F539CC}.Debug|Any CPU.ActiveCfg = Debug|Any CPU
		{33580E59-AA08-45EF-B79F-2F8FE2F539CC}.Debug|Any CPU.Build.0 = Debug|Any CPU
		{33580E59-AA08-45EF-B79F-2F8FE2F539CC}.Debug|arm64.ActiveCfg = Debug|Any CPU
		{33580E59-AA08-45EF-B79F-2F8FE2F539CC}.Debug|arm64.Build.0 = Debug|Any CPU
		{33580E59-AA08-45EF-B79F-2F8FE2F539CC}.Debug|x64.ActiveCfg = Debug|Any CPU
		{33580E59-AA08-45EF-B79F-2F8FE2F539CC}.Debug|x64.Build.0 = Debug|Any CPU
		{33580E59-AA08-45EF-B79F-2F8FE2F539CC}.Debug|x86.ActiveCfg = Debug|Any CPU
		{33580E59-AA08-45EF-B79F-2F8FE2F539CC}.Debug|x86.Build.0 = Debug|Any CPU
		{33580E59-AA08-45EF-B79F-2F8FE2F539CC}.Release 4.5|Any CPU.ActiveCfg = Release|Any CPU
		{33580E59-AA08-45EF-B79F-2F8FE2F539CC}.Release 4.5|Any CPU.Build.0 = Release|Any CPU
		{33580E59-AA08-45EF-B79F-2F8FE2F539CC}.Release 4.5|arm64.ActiveCfg = Release|Any CPU
		{33580E59-AA08-45EF-B79F-2F8FE2F539CC}.Release 4.5|arm64.Build.0 = Release|Any CPU
		{33580E59-AA08-45EF-B79F-2F8FE2F539CC}.Release 4.5|x64.ActiveCfg = Release|Any CPU
		{33580E59-AA08-45EF-B79F-2F8FE2F539CC}.Release 4.5|x64.Build.0 = Release|Any CPU
		{33580E59-AA08-45EF-B79F-2F8FE2F539CC}.Release 4.5|x86.ActiveCfg = Release|Any CPU
		{33580E59-AA08-45EF-B79F-2F8FE2F539CC}.Release 4.5|x86.Build.0 = Release|Any CPU
		{33580E59-AA08-45EF-B79F-2F8FE2F539CC}.Release 4.6|Any CPU.ActiveCfg = Release|Any CPU
		{33580E59-AA08-45EF-B79F-2F8FE2F539CC}.Release 4.6|Any CPU.Build.0 = Release|Any CPU
		{33580E59-AA08-45EF-B79F-2F8FE2F539CC}.Release 4.6|arm64.ActiveCfg = Release|Any CPU
		{33580E59-AA08-45EF-B79F-2F8FE2F539CC}.Release 4.6|arm64.Build.0 = Release|Any CPU
		{33580E59-AA08-45EF-B79F-2F8FE2F539CC}.Release 4.6|x64.ActiveCfg = Release|Any CPU
		{33580E59-AA08-45EF-B79F-2F8FE2F539CC}.Release 4.6|x64.Build.0 = Release|Any CPU
		{33580E59-AA08-45EF-B79F-2F8FE2F539CC}.Release 4.6|x86.ActiveCfg = Release|Any CPU
		{33580E59-AA08-45EF-B79F-2F8FE2F539CC}.Release 4.6|x86.Build.0 = Release|Any CPU
		{33580E59-AA08-45EF-B79F-2F8FE2F539CC}.Release|Any CPU.ActiveCfg = Release|Any CPU
		{33580E59-AA08-45EF-B79F-2F8FE2F539CC}.Release|Any CPU.Build.0 = Release|Any CPU
		{33580E59-AA08-45EF-B79F-2F8FE2F539CC}.Release|arm64.ActiveCfg = Release|Any CPU
		{33580E59-AA08-45EF-B79F-2F8FE2F539CC}.Release|arm64.Build.0 = Release|Any CPU
		{33580E59-AA08-45EF-B79F-2F8FE2F539CC}.Release|x64.ActiveCfg = Release|Any CPU
		{33580E59-AA08-45EF-B79F-2F8FE2F539CC}.Release|x64.Build.0 = Release|Any CPU
		{33580E59-AA08-45EF-B79F-2F8FE2F539CC}.Release|x86.ActiveCfg = Release|Any CPU
		{33580E59-AA08-45EF-B79F-2F8FE2F539CC}.Release|x86.Build.0 = Release|Any CPU
		{C842FAB3-EC80-4E95-B402-BF0572F1806D}.Analysis|Any CPU.ActiveCfg = Release|Any CPU
		{C842FAB3-EC80-4E95-B402-BF0572F1806D}.Analysis|Any CPU.Build.0 = Release|Any CPU
		{C842FAB3-EC80-4E95-B402-BF0572F1806D}.Analysis|arm64.ActiveCfg = Debug|Any CPU
		{C842FAB3-EC80-4E95-B402-BF0572F1806D}.Analysis|arm64.Build.0 = Debug|Any CPU
		{C842FAB3-EC80-4E95-B402-BF0572F1806D}.Analysis|x64.ActiveCfg = Release|Any CPU
		{C842FAB3-EC80-4E95-B402-BF0572F1806D}.Analysis|x64.Build.0 = Release|Any CPU
		{C842FAB3-EC80-4E95-B402-BF0572F1806D}.Analysis|x86.ActiveCfg = Release|Any CPU
		{C842FAB3-EC80-4E95-B402-BF0572F1806D}.Analysis|x86.Build.0 = Release|Any CPU
		{C842FAB3-EC80-4E95-B402-BF0572F1806D}.Debug|Any CPU.ActiveCfg = Debug|Any CPU
		{C842FAB3-EC80-4E95-B402-BF0572F1806D}.Debug|Any CPU.Build.0 = Debug|Any CPU
		{C842FAB3-EC80-4E95-B402-BF0572F1806D}.Debug|arm64.ActiveCfg = Debug|Any CPU
		{C842FAB3-EC80-4E95-B402-BF0572F1806D}.Debug|arm64.Build.0 = Debug|Any CPU
		{C842FAB3-EC80-4E95-B402-BF0572F1806D}.Debug|x64.ActiveCfg = Debug|Any CPU
		{C842FAB3-EC80-4E95-B402-BF0572F1806D}.Debug|x64.Build.0 = Debug|Any CPU
		{C842FAB3-EC80-4E95-B402-BF0572F1806D}.Debug|x86.ActiveCfg = Debug|Any CPU
		{C842FAB3-EC80-4E95-B402-BF0572F1806D}.Debug|x86.Build.0 = Debug|Any CPU
		{C842FAB3-EC80-4E95-B402-BF0572F1806D}.Release 4.5|Any CPU.ActiveCfg = Release|Any CPU
		{C842FAB3-EC80-4E95-B402-BF0572F1806D}.Release 4.5|Any CPU.Build.0 = Release|Any CPU
		{C842FAB3-EC80-4E95-B402-BF0572F1806D}.Release 4.5|arm64.ActiveCfg = Release|Any CPU
		{C842FAB3-EC80-4E95-B402-BF0572F1806D}.Release 4.5|arm64.Build.0 = Release|Any CPU
		{C842FAB3-EC80-4E95-B402-BF0572F1806D}.Release 4.5|x64.ActiveCfg = Release|Any CPU
		{C842FAB3-EC80-4E95-B402-BF0572F1806D}.Release 4.5|x64.Build.0 = Release|Any CPU
		{C842FAB3-EC80-4E95-B402-BF0572F1806D}.Release 4.5|x86.ActiveCfg = Release|Any CPU
		{C842FAB3-EC80-4E95-B402-BF0572F1806D}.Release 4.5|x86.Build.0 = Release|Any CPU
		{C842FAB3-EC80-4E95-B402-BF0572F1806D}.Release 4.6|Any CPU.ActiveCfg = Release|Any CPU
		{C842FAB3-EC80-4E95-B402-BF0572F1806D}.Release 4.6|Any CPU.Build.0 = Release|Any CPU
		{C842FAB3-EC80-4E95-B402-BF0572F1806D}.Release 4.6|arm64.ActiveCfg = Release|Any CPU
		{C842FAB3-EC80-4E95-B402-BF0572F1806D}.Release 4.6|arm64.Build.0 = Release|Any CPU
		{C842FAB3-EC80-4E95-B402-BF0572F1806D}.Release 4.6|x64.ActiveCfg = Release|Any CPU
		{C842FAB3-EC80-4E95-B402-BF0572F1806D}.Release 4.6|x64.Build.0 = Release|Any CPU
		{C842FAB3-EC80-4E95-B402-BF0572F1806D}.Release 4.6|x86.ActiveCfg = Release|Any CPU
		{C842FAB3-EC80-4E95-B402-BF0572F1806D}.Release 4.6|x86.Build.0 = Release|Any CPU
		{C842FAB3-EC80-4E95-B402-BF0572F1806D}.Release|Any CPU.ActiveCfg = Release|Any CPU
		{C842FAB3-EC80-4E95-B402-BF0572F1806D}.Release|Any CPU.Build.0 = Release|Any CPU
		{C842FAB3-EC80-4E95-B402-BF0572F1806D}.Release|arm64.ActiveCfg = Release|Any CPU
		{C842FAB3-EC80-4E95-B402-BF0572F1806D}.Release|arm64.Build.0 = Release|Any CPU
		{C842FAB3-EC80-4E95-B402-BF0572F1806D}.Release|x64.ActiveCfg = Release|Any CPU
		{C842FAB3-EC80-4E95-B402-BF0572F1806D}.Release|x64.Build.0 = Release|Any CPU
		{C842FAB3-EC80-4E95-B402-BF0572F1806D}.Release|x86.ActiveCfg = Release|Any CPU
		{C842FAB3-EC80-4E95-B402-BF0572F1806D}.Release|x86.Build.0 = Release|Any CPU
		{93E3612C-D388-438F-A04A-047265820998}.Analysis|Any CPU.ActiveCfg = Release|Any CPU
		{93E3612C-D388-438F-A04A-047265820998}.Analysis|Any CPU.Build.0 = Release|Any CPU
		{93E3612C-D388-438F-A04A-047265820998}.Analysis|arm64.ActiveCfg = Debug|Any CPU
		{93E3612C-D388-438F-A04A-047265820998}.Analysis|arm64.Build.0 = Debug|Any CPU
		{93E3612C-D388-438F-A04A-047265820998}.Analysis|x64.ActiveCfg = Release|Any CPU
		{93E3612C-D388-438F-A04A-047265820998}.Analysis|x64.Build.0 = Release|Any CPU
		{93E3612C-D388-438F-A04A-047265820998}.Analysis|x86.ActiveCfg = Release|Any CPU
		{93E3612C-D388-438F-A04A-047265820998}.Analysis|x86.Build.0 = Release|Any CPU
		{93E3612C-D388-438F-A04A-047265820998}.Debug|Any CPU.ActiveCfg = Debug|Any CPU
		{93E3612C-D388-438F-A04A-047265820998}.Debug|Any CPU.Build.0 = Debug|Any CPU
		{93E3612C-D388-438F-A04A-047265820998}.Debug|arm64.ActiveCfg = Debug|Any CPU
		{93E3612C-D388-438F-A04A-047265820998}.Debug|arm64.Build.0 = Debug|Any CPU
		{93E3612C-D388-438F-A04A-047265820998}.Debug|x64.ActiveCfg = Debug|Any CPU
		{93E3612C-D388-438F-A04A-047265820998}.Debug|x64.Build.0 = Debug|Any CPU
		{93E3612C-D388-438F-A04A-047265820998}.Debug|x86.ActiveCfg = Debug|Any CPU
		{93E3612C-D388-438F-A04A-047265820998}.Debug|x86.Build.0 = Debug|Any CPU
		{93E3612C-D388-438F-A04A-047265820998}.Release 4.5|Any CPU.ActiveCfg = Release|Any CPU
		{93E3612C-D388-438F-A04A-047265820998}.Release 4.5|Any CPU.Build.0 = Release|Any CPU
		{93E3612C-D388-438F-A04A-047265820998}.Release 4.5|arm64.ActiveCfg = Release|Any CPU
		{93E3612C-D388-438F-A04A-047265820998}.Release 4.5|arm64.Build.0 = Release|Any CPU
		{93E3612C-D388-438F-A04A-047265820998}.Release 4.5|x64.ActiveCfg = Release|Any CPU
		{93E3612C-D388-438F-A04A-047265820998}.Release 4.5|x64.Build.0 = Release|Any CPU
		{93E3612C-D388-438F-A04A-047265820998}.Release 4.5|x86.ActiveCfg = Release|Any CPU
		{93E3612C-D388-438F-A04A-047265820998}.Release 4.5|x86.Build.0 = Release|Any CPU
		{93E3612C-D388-438F-A04A-047265820998}.Release 4.6|Any CPU.ActiveCfg = Release|Any CPU
		{93E3612C-D388-438F-A04A-047265820998}.Release 4.6|Any CPU.Build.0 = Release|Any CPU
		{93E3612C-D388-438F-A04A-047265820998}.Release 4.6|arm64.ActiveCfg = Release|Any CPU
		{93E3612C-D388-438F-A04A-047265820998}.Release 4.6|arm64.Build.0 = Release|Any CPU
		{93E3612C-D388-438F-A04A-047265820998}.Release 4.6|x64.ActiveCfg = Release|Any CPU
		{93E3612C-D388-438F-A04A-047265820998}.Release 4.6|x64.Build.0 = Release|Any CPU
		{93E3612C-D388-438F-A04A-047265820998}.Release 4.6|x86.ActiveCfg = Release|Any CPU
		{93E3612C-D388-438F-A04A-047265820998}.Release 4.6|x86.Build.0 = Release|Any CPU
		{93E3612C-D388-438F-A04A-047265820998}.Release|Any CPU.ActiveCfg = Release|Any CPU
		{93E3612C-D388-438F-A04A-047265820998}.Release|Any CPU.Build.0 = Release|Any CPU
		{93E3612C-D388-438F-A04A-047265820998}.Release|arm64.ActiveCfg = Release|Any CPU
		{93E3612C-D388-438F-A04A-047265820998}.Release|arm64.Build.0 = Release|Any CPU
		{93E3612C-D388-438F-A04A-047265820998}.Release|x64.ActiveCfg = Release|Any CPU
		{93E3612C-D388-438F-A04A-047265820998}.Release|x64.Build.0 = Release|Any CPU
		{93E3612C-D388-438F-A04A-047265820998}.Release|x86.ActiveCfg = Release|Any CPU
		{93E3612C-D388-438F-A04A-047265820998}.Release|x86.Build.0 = Release|Any CPU
		{094FAC4A-6277-46E8-97B4-C992F1674638}.Analysis|Any CPU.ActiveCfg = Release|Any CPU
		{094FAC4A-6277-46E8-97B4-C992F1674638}.Analysis|Any CPU.Build.0 = Release|Any CPU
		{094FAC4A-6277-46E8-97B4-C992F1674638}.Analysis|arm64.ActiveCfg = Debug|Any CPU
		{094FAC4A-6277-46E8-97B4-C992F1674638}.Analysis|arm64.Build.0 = Debug|Any CPU
		{094FAC4A-6277-46E8-97B4-C992F1674638}.Analysis|x64.ActiveCfg = Release|Any CPU
		{094FAC4A-6277-46E8-97B4-C992F1674638}.Analysis|x64.Build.0 = Release|Any CPU
		{094FAC4A-6277-46E8-97B4-C992F1674638}.Analysis|x86.ActiveCfg = Release|Any CPU
		{094FAC4A-6277-46E8-97B4-C992F1674638}.Analysis|x86.Build.0 = Release|Any CPU
		{094FAC4A-6277-46E8-97B4-C992F1674638}.Debug|Any CPU.ActiveCfg = Debug|Any CPU
		{094FAC4A-6277-46E8-97B4-C992F1674638}.Debug|Any CPU.Build.0 = Debug|Any CPU
		{094FAC4A-6277-46E8-97B4-C992F1674638}.Debug|arm64.ActiveCfg = Debug|Any CPU
		{094FAC4A-6277-46E8-97B4-C992F1674638}.Debug|arm64.Build.0 = Debug|Any CPU
		{094FAC4A-6277-46E8-97B4-C992F1674638}.Debug|x64.ActiveCfg = Debug|Any CPU
		{094FAC4A-6277-46E8-97B4-C992F1674638}.Debug|x64.Build.0 = Debug|Any CPU
		{094FAC4A-6277-46E8-97B4-C992F1674638}.Debug|x86.ActiveCfg = Debug|Any CPU
		{094FAC4A-6277-46E8-97B4-C992F1674638}.Debug|x86.Build.0 = Debug|Any CPU
		{094FAC4A-6277-46E8-97B4-C992F1674638}.Release 4.5|Any CPU.ActiveCfg = Release|Any CPU
		{094FAC4A-6277-46E8-97B4-C992F1674638}.Release 4.5|Any CPU.Build.0 = Release|Any CPU
		{094FAC4A-6277-46E8-97B4-C992F1674638}.Release 4.5|arm64.ActiveCfg = Release|Any CPU
		{094FAC4A-6277-46E8-97B4-C992F1674638}.Release 4.5|arm64.Build.0 = Release|Any CPU
		{094FAC4A-6277-46E8-97B4-C992F1674638}.Release 4.5|x64.ActiveCfg = Release|Any CPU
		{094FAC4A-6277-46E8-97B4-C992F1674638}.Release 4.5|x64.Build.0 = Release|Any CPU
		{094FAC4A-6277-46E8-97B4-C992F1674638}.Release 4.5|x86.ActiveCfg = Release|Any CPU
		{094FAC4A-6277-46E8-97B4-C992F1674638}.Release 4.5|x86.Build.0 = Release|Any CPU
		{094FAC4A-6277-46E8-97B4-C992F1674638}.Release 4.6|Any CPU.ActiveCfg = Release|Any CPU
		{094FAC4A-6277-46E8-97B4-C992F1674638}.Release 4.6|Any CPU.Build.0 = Release|Any CPU
		{094FAC4A-6277-46E8-97B4-C992F1674638}.Release 4.6|arm64.ActiveCfg = Release|Any CPU
		{094FAC4A-6277-46E8-97B4-C992F1674638}.Release 4.6|arm64.Build.0 = Release|Any CPU
		{094FAC4A-6277-46E8-97B4-C992F1674638}.Release 4.6|x64.ActiveCfg = Release|Any CPU
		{094FAC4A-6277-46E8-97B4-C992F1674638}.Release 4.6|x64.Build.0 = Release|Any CPU
		{094FAC4A-6277-46E8-97B4-C992F1674638}.Release 4.6|x86.ActiveCfg = Release|Any CPU
		{094FAC4A-6277-46E8-97B4-C992F1674638}.Release 4.6|x86.Build.0 = Release|Any CPU
		{094FAC4A-6277-46E8-97B4-C992F1674638}.Release|Any CPU.ActiveCfg = Release|Any CPU
		{094FAC4A-6277-46E8-97B4-C992F1674638}.Release|Any CPU.Build.0 = Release|Any CPU
		{094FAC4A-6277-46E8-97B4-C992F1674638}.Release|arm64.ActiveCfg = Release|Any CPU
		{094FAC4A-6277-46E8-97B4-C992F1674638}.Release|arm64.Build.0 = Release|Any CPU
		{094FAC4A-6277-46E8-97B4-C992F1674638}.Release|x64.ActiveCfg = Release|Any CPU
		{094FAC4A-6277-46E8-97B4-C992F1674638}.Release|x64.Build.0 = Release|Any CPU
		{094FAC4A-6277-46E8-97B4-C992F1674638}.Release|x86.ActiveCfg = Release|Any CPU
		{094FAC4A-6277-46E8-97B4-C992F1674638}.Release|x86.Build.0 = Release|Any CPU
		{D7CDC8CD-D55B-427C-B62D-3ED039785047}.Analysis|Any CPU.ActiveCfg = Debug|Any CPU
		{D7CDC8CD-D55B-427C-B62D-3ED039785047}.Analysis|Any CPU.Build.0 = Debug|Any CPU
		{D7CDC8CD-D55B-427C-B62D-3ED039785047}.Analysis|arm64.ActiveCfg = Release|Any CPU
		{D7CDC8CD-D55B-427C-B62D-3ED039785047}.Analysis|arm64.Build.0 = Release|Any CPU
		{D7CDC8CD-D55B-427C-B62D-3ED039785047}.Analysis|x64.ActiveCfg = Debug|Any CPU
		{D7CDC8CD-D55B-427C-B62D-3ED039785047}.Analysis|x64.Build.0 = Debug|Any CPU
		{D7CDC8CD-D55B-427C-B62D-3ED039785047}.Analysis|x86.ActiveCfg = Debug|Any CPU
		{D7CDC8CD-D55B-427C-B62D-3ED039785047}.Analysis|x86.Build.0 = Debug|Any CPU
		{D7CDC8CD-D55B-427C-B62D-3ED039785047}.Debug|Any CPU.ActiveCfg = Debug|Any CPU
		{D7CDC8CD-D55B-427C-B62D-3ED039785047}.Debug|Any CPU.Build.0 = Debug|Any CPU
		{D7CDC8CD-D55B-427C-B62D-3ED039785047}.Debug|arm64.ActiveCfg = Debug|Any CPU
		{D7CDC8CD-D55B-427C-B62D-3ED039785047}.Debug|arm64.Build.0 = Debug|Any CPU
		{D7CDC8CD-D55B-427C-B62D-3ED039785047}.Debug|x64.ActiveCfg = Debug|Any CPU
		{D7CDC8CD-D55B-427C-B62D-3ED039785047}.Debug|x64.Build.0 = Debug|Any CPU
		{D7CDC8CD-D55B-427C-B62D-3ED039785047}.Debug|x86.ActiveCfg = Debug|Any CPU
		{D7CDC8CD-D55B-427C-B62D-3ED039785047}.Debug|x86.Build.0 = Debug|Any CPU
		{D7CDC8CD-D55B-427C-B62D-3ED039785047}.Release 4.5|Any CPU.ActiveCfg = Release|Any CPU
		{D7CDC8CD-D55B-427C-B62D-3ED039785047}.Release 4.5|Any CPU.Build.0 = Release|Any CPU
		{D7CDC8CD-D55B-427C-B62D-3ED039785047}.Release 4.5|arm64.ActiveCfg = Release|Any CPU
		{D7CDC8CD-D55B-427C-B62D-3ED039785047}.Release 4.5|arm64.Build.0 = Release|Any CPU
		{D7CDC8CD-D55B-427C-B62D-3ED039785047}.Release 4.5|x64.ActiveCfg = Release|Any CPU
		{D7CDC8CD-D55B-427C-B62D-3ED039785047}.Release 4.5|x64.Build.0 = Release|Any CPU
		{D7CDC8CD-D55B-427C-B62D-3ED039785047}.Release 4.5|x86.ActiveCfg = Release|Any CPU
		{D7CDC8CD-D55B-427C-B62D-3ED039785047}.Release 4.5|x86.Build.0 = Release|Any CPU
		{D7CDC8CD-D55B-427C-B62D-3ED039785047}.Release 4.6|Any CPU.ActiveCfg = Release|Any CPU
		{D7CDC8CD-D55B-427C-B62D-3ED039785047}.Release 4.6|Any CPU.Build.0 = Release|Any CPU
		{D7CDC8CD-D55B-427C-B62D-3ED039785047}.Release 4.6|arm64.ActiveCfg = Release|Any CPU
		{D7CDC8CD-D55B-427C-B62D-3ED039785047}.Release 4.6|arm64.Build.0 = Release|Any CPU
		{D7CDC8CD-D55B-427C-B62D-3ED039785047}.Release 4.6|x64.ActiveCfg = Release|Any CPU
		{D7CDC8CD-D55B-427C-B62D-3ED039785047}.Release 4.6|x64.Build.0 = Release|Any CPU
		{D7CDC8CD-D55B-427C-B62D-3ED039785047}.Release 4.6|x86.ActiveCfg = Release|Any CPU
		{D7CDC8CD-D55B-427C-B62D-3ED039785047}.Release 4.6|x86.Build.0 = Release|Any CPU
		{D7CDC8CD-D55B-427C-B62D-3ED039785047}.Release|Any CPU.ActiveCfg = Release|Any CPU
		{D7CDC8CD-D55B-427C-B62D-3ED039785047}.Release|Any CPU.Build.0 = Release|Any CPU
		{D7CDC8CD-D55B-427C-B62D-3ED039785047}.Release|arm64.ActiveCfg = Release|Any CPU
		{D7CDC8CD-D55B-427C-B62D-3ED039785047}.Release|arm64.Build.0 = Release|Any CPU
		{D7CDC8CD-D55B-427C-B62D-3ED039785047}.Release|x64.ActiveCfg = Release|Any CPU
		{D7CDC8CD-D55B-427C-B62D-3ED039785047}.Release|x64.Build.0 = Release|Any CPU
		{D7CDC8CD-D55B-427C-B62D-3ED039785047}.Release|x86.ActiveCfg = Release|Any CPU
		{D7CDC8CD-D55B-427C-B62D-3ED039785047}.Release|x86.Build.0 = Release|Any CPU
		{016963A7-E069-4EF4-8218-2B21C2D3E269}.Analysis|Any CPU.ActiveCfg = Debug|Any CPU
		{016963A7-E069-4EF4-8218-2B21C2D3E269}.Analysis|Any CPU.Build.0 = Debug|Any CPU
		{016963A7-E069-4EF4-8218-2B21C2D3E269}.Analysis|arm64.ActiveCfg = Release|Any CPU
		{016963A7-E069-4EF4-8218-2B21C2D3E269}.Analysis|arm64.Build.0 = Release|Any CPU
		{016963A7-E069-4EF4-8218-2B21C2D3E269}.Analysis|x64.ActiveCfg = Debug|Any CPU
		{016963A7-E069-4EF4-8218-2B21C2D3E269}.Analysis|x64.Build.0 = Debug|Any CPU
		{016963A7-E069-4EF4-8218-2B21C2D3E269}.Analysis|x86.ActiveCfg = Debug|Any CPU
		{016963A7-E069-4EF4-8218-2B21C2D3E269}.Analysis|x86.Build.0 = Debug|Any CPU
		{016963A7-E069-4EF4-8218-2B21C2D3E269}.Debug|Any CPU.ActiveCfg = Debug|Any CPU
		{016963A7-E069-4EF4-8218-2B21C2D3E269}.Debug|Any CPU.Build.0 = Debug|Any CPU
		{016963A7-E069-4EF4-8218-2B21C2D3E269}.Debug|arm64.ActiveCfg = Debug|Any CPU
		{016963A7-E069-4EF4-8218-2B21C2D3E269}.Debug|arm64.Build.0 = Debug|Any CPU
		{016963A7-E069-4EF4-8218-2B21C2D3E269}.Debug|x64.ActiveCfg = Debug|Any CPU
		{016963A7-E069-4EF4-8218-2B21C2D3E269}.Debug|x64.Build.0 = Debug|Any CPU
		{016963A7-E069-4EF4-8218-2B21C2D3E269}.Debug|x86.ActiveCfg = Debug|Any CPU
		{016963A7-E069-4EF4-8218-2B21C2D3E269}.Debug|x86.Build.0 = Debug|Any CPU
		{016963A7-E069-4EF4-8218-2B21C2D3E269}.Release 4.5|Any CPU.ActiveCfg = Release|Any CPU
		{016963A7-E069-4EF4-8218-2B21C2D3E269}.Release 4.5|Any CPU.Build.0 = Release|Any CPU
		{016963A7-E069-4EF4-8218-2B21C2D3E269}.Release 4.5|arm64.ActiveCfg = Release|Any CPU
		{016963A7-E069-4EF4-8218-2B21C2D3E269}.Release 4.5|arm64.Build.0 = Release|Any CPU
		{016963A7-E069-4EF4-8218-2B21C2D3E269}.Release 4.5|x64.ActiveCfg = Release|Any CPU
		{016963A7-E069-4EF4-8218-2B21C2D3E269}.Release 4.5|x64.Build.0 = Release|Any CPU
		{016963A7-E069-4EF4-8218-2B21C2D3E269}.Release 4.5|x86.ActiveCfg = Release|Any CPU
		{016963A7-E069-4EF4-8218-2B21C2D3E269}.Release 4.5|x86.Build.0 = Release|Any CPU
		{016963A7-E069-4EF4-8218-2B21C2D3E269}.Release 4.6|Any CPU.ActiveCfg = Release|Any CPU
		{016963A7-E069-4EF4-8218-2B21C2D3E269}.Release 4.6|Any CPU.Build.0 = Release|Any CPU
		{016963A7-E069-4EF4-8218-2B21C2D3E269}.Release 4.6|arm64.ActiveCfg = Release|Any CPU
		{016963A7-E069-4EF4-8218-2B21C2D3E269}.Release 4.6|arm64.Build.0 = Release|Any CPU
		{016963A7-E069-4EF4-8218-2B21C2D3E269}.Release 4.6|x64.ActiveCfg = Release|Any CPU
		{016963A7-E069-4EF4-8218-2B21C2D3E269}.Release 4.6|x64.Build.0 = Release|Any CPU
		{016963A7-E069-4EF4-8218-2B21C2D3E269}.Release 4.6|x86.ActiveCfg = Release|Any CPU
		{016963A7-E069-4EF4-8218-2B21C2D3E269}.Release 4.6|x86.Build.0 = Release|Any CPU
		{016963A7-E069-4EF4-8218-2B21C2D3E269}.Release|Any CPU.ActiveCfg = Release|Any CPU
		{016963A7-E069-4EF4-8218-2B21C2D3E269}.Release|Any CPU.Build.0 = Release|Any CPU
		{016963A7-E069-4EF4-8218-2B21C2D3E269}.Release|arm64.ActiveCfg = Release|Any CPU
		{016963A7-E069-4EF4-8218-2B21C2D3E269}.Release|arm64.Build.0 = Release|Any CPU
		{016963A7-E069-4EF4-8218-2B21C2D3E269}.Release|x64.ActiveCfg = Release|Any CPU
		{016963A7-E069-4EF4-8218-2B21C2D3E269}.Release|x64.Build.0 = Release|Any CPU
		{016963A7-E069-4EF4-8218-2B21C2D3E269}.Release|x86.ActiveCfg = Release|Any CPU
		{016963A7-E069-4EF4-8218-2B21C2D3E269}.Release|x86.Build.0 = Release|Any CPU
		{A8039DBD-C647-4BB5-BAB5-38169C4BF934}.Analysis|Any CPU.ActiveCfg = Debug|Any CPU
		{A8039DBD-C647-4BB5-BAB5-38169C4BF934}.Analysis|Any CPU.Build.0 = Debug|Any CPU
		{A8039DBD-C647-4BB5-BAB5-38169C4BF934}.Analysis|arm64.ActiveCfg = Release|Any CPU
		{A8039DBD-C647-4BB5-BAB5-38169C4BF934}.Analysis|arm64.Build.0 = Release|Any CPU
		{A8039DBD-C647-4BB5-BAB5-38169C4BF934}.Analysis|x64.ActiveCfg = Debug|Any CPU
		{A8039DBD-C647-4BB5-BAB5-38169C4BF934}.Analysis|x64.Build.0 = Debug|Any CPU
		{A8039DBD-C647-4BB5-BAB5-38169C4BF934}.Analysis|x86.ActiveCfg = Debug|Any CPU
		{A8039DBD-C647-4BB5-BAB5-38169C4BF934}.Analysis|x86.Build.0 = Debug|Any CPU
		{A8039DBD-C647-4BB5-BAB5-38169C4BF934}.Debug|Any CPU.ActiveCfg = Debug|Any CPU
		{A8039DBD-C647-4BB5-BAB5-38169C4BF934}.Debug|Any CPU.Build.0 = Debug|Any CPU
		{A8039DBD-C647-4BB5-BAB5-38169C4BF934}.Debug|arm64.ActiveCfg = Debug|Any CPU
		{A8039DBD-C647-4BB5-BAB5-38169C4BF934}.Debug|arm64.Build.0 = Debug|Any CPU
		{A8039DBD-C647-4BB5-BAB5-38169C4BF934}.Debug|x64.ActiveCfg = Debug|Any CPU
		{A8039DBD-C647-4BB5-BAB5-38169C4BF934}.Debug|x64.Build.0 = Debug|Any CPU
		{A8039DBD-C647-4BB5-BAB5-38169C4BF934}.Debug|x86.ActiveCfg = Debug|Any CPU
		{A8039DBD-C647-4BB5-BAB5-38169C4BF934}.Debug|x86.Build.0 = Debug|Any CPU
		{A8039DBD-C647-4BB5-BAB5-38169C4BF934}.Release 4.5|Any CPU.ActiveCfg = Release|Any CPU
		{A8039DBD-C647-4BB5-BAB5-38169C4BF934}.Release 4.5|Any CPU.Build.0 = Release|Any CPU
		{A8039DBD-C647-4BB5-BAB5-38169C4BF934}.Release 4.5|arm64.ActiveCfg = Release|Any CPU
		{A8039DBD-C647-4BB5-BAB5-38169C4BF934}.Release 4.5|arm64.Build.0 = Release|Any CPU
		{A8039DBD-C647-4BB5-BAB5-38169C4BF934}.Release 4.5|x64.ActiveCfg = Release|Any CPU
		{A8039DBD-C647-4BB5-BAB5-38169C4BF934}.Release 4.5|x64.Build.0 = Release|Any CPU
		{A8039DBD-C647-4BB5-BAB5-38169C4BF934}.Release 4.5|x86.ActiveCfg = Release|Any CPU
		{A8039DBD-C647-4BB5-BAB5-38169C4BF934}.Release 4.5|x86.Build.0 = Release|Any CPU
		{A8039DBD-C647-4BB5-BAB5-38169C4BF934}.Release 4.6|Any CPU.ActiveCfg = Release|Any CPU
		{A8039DBD-C647-4BB5-BAB5-38169C4BF934}.Release 4.6|Any CPU.Build.0 = Release|Any CPU
		{A8039DBD-C647-4BB5-BAB5-38169C4BF934}.Release 4.6|arm64.ActiveCfg = Release|Any CPU
		{A8039DBD-C647-4BB5-BAB5-38169C4BF934}.Release 4.6|arm64.Build.0 = Release|Any CPU
		{A8039DBD-C647-4BB5-BAB5-38169C4BF934}.Release 4.6|x64.ActiveCfg = Release|Any CPU
		{A8039DBD-C647-4BB5-BAB5-38169C4BF934}.Release 4.6|x64.Build.0 = Release|Any CPU
		{A8039DBD-C647-4BB5-BAB5-38169C4BF934}.Release 4.6|x86.ActiveCfg = Release|Any CPU
		{A8039DBD-C647-4BB5-BAB5-38169C4BF934}.Release 4.6|x86.Build.0 = Release|Any CPU
		{A8039DBD-C647-4BB5-BAB5-38169C4BF934}.Release|Any CPU.ActiveCfg = Release|Any CPU
		{A8039DBD-C647-4BB5-BAB5-38169C4BF934}.Release|Any CPU.Build.0 = Release|Any CPU
		{A8039DBD-C647-4BB5-BAB5-38169C4BF934}.Release|arm64.ActiveCfg = Release|Any CPU
		{A8039DBD-C647-4BB5-BAB5-38169C4BF934}.Release|arm64.Build.0 = Release|Any CPU
		{A8039DBD-C647-4BB5-BAB5-38169C4BF934}.Release|x64.ActiveCfg = Release|Any CPU
		{A8039DBD-C647-4BB5-BAB5-38169C4BF934}.Release|x64.Build.0 = Release|Any CPU
		{A8039DBD-C647-4BB5-BAB5-38169C4BF934}.Release|x86.ActiveCfg = Release|Any CPU
		{A8039DBD-C647-4BB5-BAB5-38169C4BF934}.Release|x86.Build.0 = Release|Any CPU
		{7CF4CDB7-219E-4618-A928-E72F97435FF7}.Analysis|Any CPU.ActiveCfg = Debug|Any CPU
		{7CF4CDB7-219E-4618-A928-E72F97435FF7}.Analysis|Any CPU.Build.0 = Debug|Any CPU
		{7CF4CDB7-219E-4618-A928-E72F97435FF7}.Analysis|arm64.ActiveCfg = Release|Any CPU
		{7CF4CDB7-219E-4618-A928-E72F97435FF7}.Analysis|arm64.Build.0 = Release|Any CPU
		{7CF4CDB7-219E-4618-A928-E72F97435FF7}.Analysis|x64.ActiveCfg = Debug|Any CPU
		{7CF4CDB7-219E-4618-A928-E72F97435FF7}.Analysis|x64.Build.0 = Debug|Any CPU
		{7CF4CDB7-219E-4618-A928-E72F97435FF7}.Analysis|x86.ActiveCfg = Debug|Any CPU
		{7CF4CDB7-219E-4618-A928-E72F97435FF7}.Analysis|x86.Build.0 = Debug|Any CPU
		{7CF4CDB7-219E-4618-A928-E72F97435FF7}.Debug|Any CPU.ActiveCfg = Debug|Any CPU
		{7CF4CDB7-219E-4618-A928-E72F97435FF7}.Debug|Any CPU.Build.0 = Debug|Any CPU
		{7CF4CDB7-219E-4618-A928-E72F97435FF7}.Debug|arm64.ActiveCfg = Debug|Any CPU
		{7CF4CDB7-219E-4618-A928-E72F97435FF7}.Debug|arm64.Build.0 = Debug|Any CPU
		{7CF4CDB7-219E-4618-A928-E72F97435FF7}.Debug|x64.ActiveCfg = Debug|Any CPU
		{7CF4CDB7-219E-4618-A928-E72F97435FF7}.Debug|x64.Build.0 = Debug|Any CPU
		{7CF4CDB7-219E-4618-A928-E72F97435FF7}.Debug|x86.ActiveCfg = Debug|Any CPU
		{7CF4CDB7-219E-4618-A928-E72F97435FF7}.Debug|x86.Build.0 = Debug|Any CPU
		{7CF4CDB7-219E-4618-A928-E72F97435FF7}.Release 4.5|Any CPU.ActiveCfg = Release|Any CPU
		{7CF4CDB7-219E-4618-A928-E72F97435FF7}.Release 4.5|Any CPU.Build.0 = Release|Any CPU
		{7CF4CDB7-219E-4618-A928-E72F97435FF7}.Release 4.5|arm64.ActiveCfg = Release|Any CPU
		{7CF4CDB7-219E-4618-A928-E72F97435FF7}.Release 4.5|arm64.Build.0 = Release|Any CPU
		{7CF4CDB7-219E-4618-A928-E72F97435FF7}.Release 4.5|x64.ActiveCfg = Release|Any CPU
		{7CF4CDB7-219E-4618-A928-E72F97435FF7}.Release 4.5|x64.Build.0 = Release|Any CPU
		{7CF4CDB7-219E-4618-A928-E72F97435FF7}.Release 4.5|x86.ActiveCfg = Release|Any CPU
		{7CF4CDB7-219E-4618-A928-E72F97435FF7}.Release 4.5|x86.Build.0 = Release|Any CPU
		{7CF4CDB7-219E-4618-A928-E72F97435FF7}.Release 4.6|Any CPU.ActiveCfg = Release|Any CPU
		{7CF4CDB7-219E-4618-A928-E72F97435FF7}.Release 4.6|Any CPU.Build.0 = Release|Any CPU
		{7CF4CDB7-219E-4618-A928-E72F97435FF7}.Release 4.6|arm64.ActiveCfg = Release|Any CPU
		{7CF4CDB7-219E-4618-A928-E72F97435FF7}.Release 4.6|arm64.Build.0 = Release|Any CPU
		{7CF4CDB7-219E-4618-A928-E72F97435FF7}.Release 4.6|x64.ActiveCfg = Release|Any CPU
		{7CF4CDB7-219E-4618-A928-E72F97435FF7}.Release 4.6|x64.Build.0 = Release|Any CPU
		{7CF4CDB7-219E-4618-A928-E72F97435FF7}.Release 4.6|x86.ActiveCfg = Release|Any CPU
		{7CF4CDB7-219E-4618-A928-E72F97435FF7}.Release 4.6|x86.Build.0 = Release|Any CPU
		{7CF4CDB7-219E-4618-A928-E72F97435FF7}.Release|Any CPU.ActiveCfg = Release|Any CPU
		{7CF4CDB7-219E-4618-A928-E72F97435FF7}.Release|Any CPU.Build.0 = Release|Any CPU
		{7CF4CDB7-219E-4618-A928-E72F97435FF7}.Release|arm64.ActiveCfg = Release|Any CPU
		{7CF4CDB7-219E-4618-A928-E72F97435FF7}.Release|arm64.Build.0 = Release|Any CPU
		{7CF4CDB7-219E-4618-A928-E72F97435FF7}.Release|x64.ActiveCfg = Release|Any CPU
		{7CF4CDB7-219E-4618-A928-E72F97435FF7}.Release|x64.Build.0 = Release|Any CPU
		{7CF4CDB7-219E-4618-A928-E72F97435FF7}.Release|x86.ActiveCfg = Release|Any CPU
		{7CF4CDB7-219E-4618-A928-E72F97435FF7}.Release|x86.Build.0 = Release|Any CPU
		{4438E3CF-3430-4E86-BE27-E9E1C38B9D35}.Analysis|Any CPU.ActiveCfg = Debug|Any CPU
		{4438E3CF-3430-4E86-BE27-E9E1C38B9D35}.Analysis|Any CPU.Build.0 = Debug|Any CPU
		{4438E3CF-3430-4E86-BE27-E9E1C38B9D35}.Analysis|arm64.ActiveCfg = Release|Any CPU
		{4438E3CF-3430-4E86-BE27-E9E1C38B9D35}.Analysis|arm64.Build.0 = Release|Any CPU
		{4438E3CF-3430-4E86-BE27-E9E1C38B9D35}.Analysis|x64.ActiveCfg = Debug|Any CPU
		{4438E3CF-3430-4E86-BE27-E9E1C38B9D35}.Analysis|x64.Build.0 = Debug|Any CPU
		{4438E3CF-3430-4E86-BE27-E9E1C38B9D35}.Analysis|x86.ActiveCfg = Debug|Any CPU
		{4438E3CF-3430-4E86-BE27-E9E1C38B9D35}.Analysis|x86.Build.0 = Debug|Any CPU
		{4438E3CF-3430-4E86-BE27-E9E1C38B9D35}.Debug|Any CPU.ActiveCfg = Debug|Any CPU
		{4438E3CF-3430-4E86-BE27-E9E1C38B9D35}.Debug|Any CPU.Build.0 = Debug|Any CPU
		{4438E3CF-3430-4E86-BE27-E9E1C38B9D35}.Debug|arm64.ActiveCfg = Debug|Any CPU
		{4438E3CF-3430-4E86-BE27-E9E1C38B9D35}.Debug|arm64.Build.0 = Debug|Any CPU
		{4438E3CF-3430-4E86-BE27-E9E1C38B9D35}.Debug|x64.ActiveCfg = Debug|Any CPU
		{4438E3CF-3430-4E86-BE27-E9E1C38B9D35}.Debug|x64.Build.0 = Debug|Any CPU
		{4438E3CF-3430-4E86-BE27-E9E1C38B9D35}.Debug|x86.ActiveCfg = Debug|Any CPU
		{4438E3CF-3430-4E86-BE27-E9E1C38B9D35}.Debug|x86.Build.0 = Debug|Any CPU
		{4438E3CF-3430-4E86-BE27-E9E1C38B9D35}.Release 4.5|Any CPU.ActiveCfg = Release|Any CPU
		{4438E3CF-3430-4E86-BE27-E9E1C38B9D35}.Release 4.5|Any CPU.Build.0 = Release|Any CPU
		{4438E3CF-3430-4E86-BE27-E9E1C38B9D35}.Release 4.5|arm64.ActiveCfg = Release|Any CPU
		{4438E3CF-3430-4E86-BE27-E9E1C38B9D35}.Release 4.5|arm64.Build.0 = Release|Any CPU
		{4438E3CF-3430-4E86-BE27-E9E1C38B9D35}.Release 4.5|x64.ActiveCfg = Release|Any CPU
		{4438E3CF-3430-4E86-BE27-E9E1C38B9D35}.Release 4.5|x64.Build.0 = Release|Any CPU
		{4438E3CF-3430-4E86-BE27-E9E1C38B9D35}.Release 4.5|x86.ActiveCfg = Release|Any CPU
		{4438E3CF-3430-4E86-BE27-E9E1C38B9D35}.Release 4.5|x86.Build.0 = Release|Any CPU
		{4438E3CF-3430-4E86-BE27-E9E1C38B9D35}.Release 4.6|Any CPU.ActiveCfg = Release|Any CPU
		{4438E3CF-3430-4E86-BE27-E9E1C38B9D35}.Release 4.6|Any CPU.Build.0 = Release|Any CPU
		{4438E3CF-3430-4E86-BE27-E9E1C38B9D35}.Release 4.6|arm64.ActiveCfg = Release|Any CPU
		{4438E3CF-3430-4E86-BE27-E9E1C38B9D35}.Release 4.6|arm64.Build.0 = Release|Any CPU
		{4438E3CF-3430-4E86-BE27-E9E1C38B9D35}.Release 4.6|x64.ActiveCfg = Release|Any CPU
		{4438E3CF-3430-4E86-BE27-E9E1C38B9D35}.Release 4.6|x64.Build.0 = Release|Any CPU
		{4438E3CF-3430-4E86-BE27-E9E1C38B9D35}.Release 4.6|x86.ActiveCfg = Release|Any CPU
		{4438E3CF-3430-4E86-BE27-E9E1C38B9D35}.Release 4.6|x86.Build.0 = Release|Any CPU
		{4438E3CF-3430-4E86-BE27-E9E1C38B9D35}.Release|Any CPU.ActiveCfg = Release|Any CPU
		{4438E3CF-3430-4E86-BE27-E9E1C38B9D35}.Release|Any CPU.Build.0 = Release|Any CPU
		{4438E3CF-3430-4E86-BE27-E9E1C38B9D35}.Release|arm64.ActiveCfg = Release|Any CPU
		{4438E3CF-3430-4E86-BE27-E9E1C38B9D35}.Release|arm64.Build.0 = Release|Any CPU
		{4438E3CF-3430-4E86-BE27-E9E1C38B9D35}.Release|x64.ActiveCfg = Release|Any CPU
		{4438E3CF-3430-4E86-BE27-E9E1C38B9D35}.Release|x64.Build.0 = Release|Any CPU
		{4438E3CF-3430-4E86-BE27-E9E1C38B9D35}.Release|x86.ActiveCfg = Release|Any CPU
		{4438E3CF-3430-4E86-BE27-E9E1C38B9D35}.Release|x86.Build.0 = Release|Any CPU
		{EBBD8D76-C4FA-4F7C-B867-540CA909AF51}.Analysis|Any CPU.ActiveCfg = Debug|x64
		{EBBD8D76-C4FA-4F7C-B867-540CA909AF51}.Analysis|Any CPU.Build.0 = Debug|x64
		{EBBD8D76-C4FA-4F7C-B867-540CA909AF51}.Analysis|Any CPU.Deploy.0 = Debug|x64
		{EBBD8D76-C4FA-4F7C-B867-540CA909AF51}.Analysis|arm64.ActiveCfg = Debug|arm64
		{EBBD8D76-C4FA-4F7C-B867-540CA909AF51}.Analysis|arm64.Build.0 = Debug|arm64
		{EBBD8D76-C4FA-4F7C-B867-540CA909AF51}.Analysis|arm64.Deploy.0 = Debug|arm64
		{EBBD8D76-C4FA-4F7C-B867-540CA909AF51}.Analysis|x64.ActiveCfg = Debug|x64
		{EBBD8D76-C4FA-4F7C-B867-540CA909AF51}.Analysis|x64.Build.0 = Debug|x64
		{EBBD8D76-C4FA-4F7C-B867-540CA909AF51}.Analysis|x64.Deploy.0 = Debug|x64
		{EBBD8D76-C4FA-4F7C-B867-540CA909AF51}.Analysis|x86.ActiveCfg = Debug|x86
		{EBBD8D76-C4FA-4F7C-B867-540CA909AF51}.Analysis|x86.Build.0 = Debug|x86
		{EBBD8D76-C4FA-4F7C-B867-540CA909AF51}.Analysis|x86.Deploy.0 = Debug|x86
		{EBBD8D76-C4FA-4F7C-B867-540CA909AF51}.Debug|Any CPU.ActiveCfg = Debug|x64
		{EBBD8D76-C4FA-4F7C-B867-540CA909AF51}.Debug|Any CPU.Build.0 = Debug|x64
		{EBBD8D76-C4FA-4F7C-B867-540CA909AF51}.Debug|Any CPU.Deploy.0 = Debug|x64
		{EBBD8D76-C4FA-4F7C-B867-540CA909AF51}.Debug|arm64.ActiveCfg = Debug|arm64
		{EBBD8D76-C4FA-4F7C-B867-540CA909AF51}.Debug|arm64.Build.0 = Debug|arm64
		{EBBD8D76-C4FA-4F7C-B867-540CA909AF51}.Debug|arm64.Deploy.0 = Debug|arm64
		{EBBD8D76-C4FA-4F7C-B867-540CA909AF51}.Debug|x64.ActiveCfg = Debug|x64
		{EBBD8D76-C4FA-4F7C-B867-540CA909AF51}.Debug|x64.Build.0 = Debug|x64
		{EBBD8D76-C4FA-4F7C-B867-540CA909AF51}.Debug|x64.Deploy.0 = Debug|x64
		{EBBD8D76-C4FA-4F7C-B867-540CA909AF51}.Debug|x86.ActiveCfg = Debug|x86
		{EBBD8D76-C4FA-4F7C-B867-540CA909AF51}.Debug|x86.Build.0 = Debug|x86
		{EBBD8D76-C4FA-4F7C-B867-540CA909AF51}.Debug|x86.Deploy.0 = Debug|x86
		{EBBD8D76-C4FA-4F7C-B867-540CA909AF51}.Release 4.5|Any CPU.ActiveCfg = Release|x64
		{EBBD8D76-C4FA-4F7C-B867-540CA909AF51}.Release 4.5|Any CPU.Build.0 = Release|x64
		{EBBD8D76-C4FA-4F7C-B867-540CA909AF51}.Release 4.5|Any CPU.Deploy.0 = Release|x64
		{EBBD8D76-C4FA-4F7C-B867-540CA909AF51}.Release 4.5|arm64.ActiveCfg = Release|arm64
		{EBBD8D76-C4FA-4F7C-B867-540CA909AF51}.Release 4.5|arm64.Build.0 = Release|arm64
		{EBBD8D76-C4FA-4F7C-B867-540CA909AF51}.Release 4.5|arm64.Deploy.0 = Release|arm64
		{EBBD8D76-C4FA-4F7C-B867-540CA909AF51}.Release 4.5|x64.ActiveCfg = Release|x64
		{EBBD8D76-C4FA-4F7C-B867-540CA909AF51}.Release 4.5|x64.Build.0 = Release|x64
		{EBBD8D76-C4FA-4F7C-B867-540CA909AF51}.Release 4.5|x64.Deploy.0 = Release|x64
		{EBBD8D76-C4FA-4F7C-B867-540CA909AF51}.Release 4.5|x86.ActiveCfg = Release|x86
		{EBBD8D76-C4FA-4F7C-B867-540CA909AF51}.Release 4.5|x86.Build.0 = Release|x86
		{EBBD8D76-C4FA-4F7C-B867-540CA909AF51}.Release 4.5|x86.Deploy.0 = Release|x86
		{EBBD8D76-C4FA-4F7C-B867-540CA909AF51}.Release 4.6|Any CPU.ActiveCfg = Release|x64
		{EBBD8D76-C4FA-4F7C-B867-540CA909AF51}.Release 4.6|Any CPU.Build.0 = Release|x64
		{EBBD8D76-C4FA-4F7C-B867-540CA909AF51}.Release 4.6|Any CPU.Deploy.0 = Release|x64
		{EBBD8D76-C4FA-4F7C-B867-540CA909AF51}.Release 4.6|arm64.ActiveCfg = Release|arm64
		{EBBD8D76-C4FA-4F7C-B867-540CA909AF51}.Release 4.6|arm64.Build.0 = Release|arm64
		{EBBD8D76-C4FA-4F7C-B867-540CA909AF51}.Release 4.6|arm64.Deploy.0 = Release|arm64
		{EBBD8D76-C4FA-4F7C-B867-540CA909AF51}.Release 4.6|x64.ActiveCfg = Release|x64
		{EBBD8D76-C4FA-4F7C-B867-540CA909AF51}.Release 4.6|x64.Build.0 = Release|x64
		{EBBD8D76-C4FA-4F7C-B867-540CA909AF51}.Release 4.6|x64.Deploy.0 = Release|x64
		{EBBD8D76-C4FA-4F7C-B867-540CA909AF51}.Release 4.6|x86.ActiveCfg = Release|x86
		{EBBD8D76-C4FA-4F7C-B867-540CA909AF51}.Release 4.6|x86.Build.0 = Release|x86
		{EBBD8D76-C4FA-4F7C-B867-540CA909AF51}.Release 4.6|x86.Deploy.0 = Release|x86
		{EBBD8D76-C4FA-4F7C-B867-540CA909AF51}.Release|Any CPU.ActiveCfg = Release|x64
		{EBBD8D76-C4FA-4F7C-B867-540CA909AF51}.Release|Any CPU.Build.0 = Release|x64
		{EBBD8D76-C4FA-4F7C-B867-540CA909AF51}.Release|Any CPU.Deploy.0 = Release|x64
		{EBBD8D76-C4FA-4F7C-B867-540CA909AF51}.Release|arm64.ActiveCfg = Release|arm64
		{EBBD8D76-C4FA-4F7C-B867-540CA909AF51}.Release|arm64.Build.0 = Release|arm64
		{EBBD8D76-C4FA-4F7C-B867-540CA909AF51}.Release|arm64.Deploy.0 = Release|arm64
		{EBBD8D76-C4FA-4F7C-B867-540CA909AF51}.Release|x64.ActiveCfg = Release|x64
		{EBBD8D76-C4FA-4F7C-B867-540CA909AF51}.Release|x64.Build.0 = Release|x64
		{EBBD8D76-C4FA-4F7C-B867-540CA909AF51}.Release|x64.Deploy.0 = Release|x64
		{EBBD8D76-C4FA-4F7C-B867-540CA909AF51}.Release|x86.ActiveCfg = Release|x86
		{EBBD8D76-C4FA-4F7C-B867-540CA909AF51}.Release|x86.Build.0 = Release|x86
		{EBBD8D76-C4FA-4F7C-B867-540CA909AF51}.Release|x86.Deploy.0 = Release|x86
		{0711C371-0CD2-4828-A089-CD8810BCEC2D}.Analysis|Any CPU.ActiveCfg = Debug|Any CPU
		{0711C371-0CD2-4828-A089-CD8810BCEC2D}.Analysis|Any CPU.Build.0 = Debug|Any CPU
		{0711C371-0CD2-4828-A089-CD8810BCEC2D}.Analysis|arm64.ActiveCfg = Debug|Any CPU
		{0711C371-0CD2-4828-A089-CD8810BCEC2D}.Analysis|arm64.Build.0 = Debug|Any CPU
		{0711C371-0CD2-4828-A089-CD8810BCEC2D}.Analysis|x64.ActiveCfg = Debug|Any CPU
		{0711C371-0CD2-4828-A089-CD8810BCEC2D}.Analysis|x64.Build.0 = Debug|Any CPU
		{0711C371-0CD2-4828-A089-CD8810BCEC2D}.Analysis|x86.ActiveCfg = Debug|Any CPU
		{0711C371-0CD2-4828-A089-CD8810BCEC2D}.Analysis|x86.Build.0 = Debug|Any CPU
		{0711C371-0CD2-4828-A089-CD8810BCEC2D}.Debug|Any CPU.ActiveCfg = Debug|Any CPU
		{0711C371-0CD2-4828-A089-CD8810BCEC2D}.Debug|Any CPU.Build.0 = Debug|Any CPU
		{0711C371-0CD2-4828-A089-CD8810BCEC2D}.Debug|arm64.ActiveCfg = Debug|Any CPU
		{0711C371-0CD2-4828-A089-CD8810BCEC2D}.Debug|arm64.Build.0 = Debug|Any CPU
		{0711C371-0CD2-4828-A089-CD8810BCEC2D}.Debug|x64.ActiveCfg = Debug|Any CPU
		{0711C371-0CD2-4828-A089-CD8810BCEC2D}.Debug|x64.Build.0 = Debug|Any CPU
		{0711C371-0CD2-4828-A089-CD8810BCEC2D}.Debug|x86.ActiveCfg = Debug|Any CPU
		{0711C371-0CD2-4828-A089-CD8810BCEC2D}.Debug|x86.Build.0 = Debug|Any CPU
		{0711C371-0CD2-4828-A089-CD8810BCEC2D}.Release 4.5|Any CPU.ActiveCfg = Release|Any CPU
		{0711C371-0CD2-4828-A089-CD8810BCEC2D}.Release 4.5|Any CPU.Build.0 = Release|Any CPU
		{0711C371-0CD2-4828-A089-CD8810BCEC2D}.Release 4.5|arm64.ActiveCfg = Release|Any CPU
		{0711C371-0CD2-4828-A089-CD8810BCEC2D}.Release 4.5|arm64.Build.0 = Release|Any CPU
		{0711C371-0CD2-4828-A089-CD8810BCEC2D}.Release 4.5|x64.ActiveCfg = Release|Any CPU
		{0711C371-0CD2-4828-A089-CD8810BCEC2D}.Release 4.5|x64.Build.0 = Release|Any CPU
		{0711C371-0CD2-4828-A089-CD8810BCEC2D}.Release 4.5|x86.ActiveCfg = Release|Any CPU
		{0711C371-0CD2-4828-A089-CD8810BCEC2D}.Release 4.5|x86.Build.0 = Release|Any CPU
		{0711C371-0CD2-4828-A089-CD8810BCEC2D}.Release 4.6|Any CPU.ActiveCfg = Release|Any CPU
		{0711C371-0CD2-4828-A089-CD8810BCEC2D}.Release 4.6|Any CPU.Build.0 = Release|Any CPU
		{0711C371-0CD2-4828-A089-CD8810BCEC2D}.Release 4.6|arm64.ActiveCfg = Release|Any CPU
		{0711C371-0CD2-4828-A089-CD8810BCEC2D}.Release 4.6|arm64.Build.0 = Release|Any CPU
		{0711C371-0CD2-4828-A089-CD8810BCEC2D}.Release 4.6|x64.ActiveCfg = Release|Any CPU
		{0711C371-0CD2-4828-A089-CD8810BCEC2D}.Release 4.6|x64.Build.0 = Release|Any CPU
		{0711C371-0CD2-4828-A089-CD8810BCEC2D}.Release 4.6|x86.ActiveCfg = Release|Any CPU
		{0711C371-0CD2-4828-A089-CD8810BCEC2D}.Release 4.6|x86.Build.0 = Release|Any CPU
		{0711C371-0CD2-4828-A089-CD8810BCEC2D}.Release|Any CPU.ActiveCfg = Release|Any CPU
		{0711C371-0CD2-4828-A089-CD8810BCEC2D}.Release|Any CPU.Build.0 = Release|Any CPU
		{0711C371-0CD2-4828-A089-CD8810BCEC2D}.Release|arm64.ActiveCfg = Release|Any CPU
		{0711C371-0CD2-4828-A089-CD8810BCEC2D}.Release|arm64.Build.0 = Release|Any CPU
		{0711C371-0CD2-4828-A089-CD8810BCEC2D}.Release|x64.ActiveCfg = Release|Any CPU
		{0711C371-0CD2-4828-A089-CD8810BCEC2D}.Release|x64.Build.0 = Release|Any CPU
		{0711C371-0CD2-4828-A089-CD8810BCEC2D}.Release|x86.ActiveCfg = Release|Any CPU
		{0711C371-0CD2-4828-A089-CD8810BCEC2D}.Release|x86.Build.0 = Release|Any CPU
		{E0CE40FF-B0C0-45CF-BFA9-E330750CF636}.Analysis|Any CPU.ActiveCfg = Debug|Any CPU
		{E0CE40FF-B0C0-45CF-BFA9-E330750CF636}.Analysis|Any CPU.Build.0 = Debug|Any CPU
		{E0CE40FF-B0C0-45CF-BFA9-E330750CF636}.Analysis|arm64.ActiveCfg = Debug|Any CPU
		{E0CE40FF-B0C0-45CF-BFA9-E330750CF636}.Analysis|arm64.Build.0 = Debug|Any CPU
		{E0CE40FF-B0C0-45CF-BFA9-E330750CF636}.Analysis|x64.ActiveCfg = Debug|Any CPU
		{E0CE40FF-B0C0-45CF-BFA9-E330750CF636}.Analysis|x64.Build.0 = Debug|Any CPU
		{E0CE40FF-B0C0-45CF-BFA9-E330750CF636}.Analysis|x86.ActiveCfg = Debug|Any CPU
		{E0CE40FF-B0C0-45CF-BFA9-E330750CF636}.Analysis|x86.Build.0 = Debug|Any CPU
		{E0CE40FF-B0C0-45CF-BFA9-E330750CF636}.Debug|Any CPU.ActiveCfg = Debug|Any CPU
		{E0CE40FF-B0C0-45CF-BFA9-E330750CF636}.Debug|Any CPU.Build.0 = Debug|Any CPU
		{E0CE40FF-B0C0-45CF-BFA9-E330750CF636}.Debug|arm64.ActiveCfg = Debug|Any CPU
		{E0CE40FF-B0C0-45CF-BFA9-E330750CF636}.Debug|arm64.Build.0 = Debug|Any CPU
		{E0CE40FF-B0C0-45CF-BFA9-E330750CF636}.Debug|x64.ActiveCfg = Debug|Any CPU
		{E0CE40FF-B0C0-45CF-BFA9-E330750CF636}.Debug|x64.Build.0 = Debug|Any CPU
		{E0CE40FF-B0C0-45CF-BFA9-E330750CF636}.Debug|x86.ActiveCfg = Debug|Any CPU
		{E0CE40FF-B0C0-45CF-BFA9-E330750CF636}.Debug|x86.Build.0 = Debug|Any CPU
		{E0CE40FF-B0C0-45CF-BFA9-E330750CF636}.Release 4.5|Any CPU.ActiveCfg = Release|Any CPU
		{E0CE40FF-B0C0-45CF-BFA9-E330750CF636}.Release 4.5|Any CPU.Build.0 = Release|Any CPU
		{E0CE40FF-B0C0-45CF-BFA9-E330750CF636}.Release 4.5|arm64.ActiveCfg = Release|Any CPU
		{E0CE40FF-B0C0-45CF-BFA9-E330750CF636}.Release 4.5|arm64.Build.0 = Release|Any CPU
		{E0CE40FF-B0C0-45CF-BFA9-E330750CF636}.Release 4.5|x64.ActiveCfg = Release|Any CPU
		{E0CE40FF-B0C0-45CF-BFA9-E330750CF636}.Release 4.5|x64.Build.0 = Release|Any CPU
		{E0CE40FF-B0C0-45CF-BFA9-E330750CF636}.Release 4.5|x86.ActiveCfg = Release|Any CPU
		{E0CE40FF-B0C0-45CF-BFA9-E330750CF636}.Release 4.5|x86.Build.0 = Release|Any CPU
		{E0CE40FF-B0C0-45CF-BFA9-E330750CF636}.Release 4.6|Any CPU.ActiveCfg = Release|Any CPU
		{E0CE40FF-B0C0-45CF-BFA9-E330750CF636}.Release 4.6|Any CPU.Build.0 = Release|Any CPU
		{E0CE40FF-B0C0-45CF-BFA9-E330750CF636}.Release 4.6|arm64.ActiveCfg = Release|Any CPU
		{E0CE40FF-B0C0-45CF-BFA9-E330750CF636}.Release 4.6|arm64.Build.0 = Release|Any CPU
		{E0CE40FF-B0C0-45CF-BFA9-E330750CF636}.Release 4.6|x64.ActiveCfg = Release|Any CPU
		{E0CE40FF-B0C0-45CF-BFA9-E330750CF636}.Release 4.6|x64.Build.0 = Release|Any CPU
		{E0CE40FF-B0C0-45CF-BFA9-E330750CF636}.Release 4.6|x86.ActiveCfg = Release|Any CPU
		{E0CE40FF-B0C0-45CF-BFA9-E330750CF636}.Release 4.6|x86.Build.0 = Release|Any CPU
		{E0CE40FF-B0C0-45CF-BFA9-E330750CF636}.Release|Any CPU.ActiveCfg = Release|Any CPU
		{E0CE40FF-B0C0-45CF-BFA9-E330750CF636}.Release|Any CPU.Build.0 = Release|Any CPU
		{E0CE40FF-B0C0-45CF-BFA9-E330750CF636}.Release|arm64.ActiveCfg = Release|Any CPU
		{E0CE40FF-B0C0-45CF-BFA9-E330750CF636}.Release|arm64.Build.0 = Release|Any CPU
		{E0CE40FF-B0C0-45CF-BFA9-E330750CF636}.Release|x64.ActiveCfg = Release|Any CPU
		{E0CE40FF-B0C0-45CF-BFA9-E330750CF636}.Release|x64.Build.0 = Release|Any CPU
		{E0CE40FF-B0C0-45CF-BFA9-E330750CF636}.Release|x86.ActiveCfg = Release|Any CPU
		{E0CE40FF-B0C0-45CF-BFA9-E330750CF636}.Release|x86.Build.0 = Release|Any CPU
		{EC114013-AE8D-41D2-A0BF-4D023E244FB8}.Analysis|Any CPU.ActiveCfg = Debug|Any CPU
		{EC114013-AE8D-41D2-A0BF-4D023E244FB8}.Analysis|Any CPU.Build.0 = Debug|Any CPU
		{EC114013-AE8D-41D2-A0BF-4D023E244FB8}.Analysis|arm64.ActiveCfg = Debug|Any CPU
		{EC114013-AE8D-41D2-A0BF-4D023E244FB8}.Analysis|arm64.Build.0 = Debug|Any CPU
		{EC114013-AE8D-41D2-A0BF-4D023E244FB8}.Analysis|x64.ActiveCfg = Debug|Any CPU
		{EC114013-AE8D-41D2-A0BF-4D023E244FB8}.Analysis|x64.Build.0 = Debug|Any CPU
		{EC114013-AE8D-41D2-A0BF-4D023E244FB8}.Analysis|x86.ActiveCfg = Debug|Any CPU
		{EC114013-AE8D-41D2-A0BF-4D023E244FB8}.Analysis|x86.Build.0 = Debug|Any CPU
		{EC114013-AE8D-41D2-A0BF-4D023E244FB8}.Debug|Any CPU.ActiveCfg = Debug|Any CPU
		{EC114013-AE8D-41D2-A0BF-4D023E244FB8}.Debug|Any CPU.Build.0 = Debug|Any CPU
		{EC114013-AE8D-41D2-A0BF-4D023E244FB8}.Debug|arm64.ActiveCfg = Debug|Any CPU
		{EC114013-AE8D-41D2-A0BF-4D023E244FB8}.Debug|arm64.Build.0 = Debug|Any CPU
		{EC114013-AE8D-41D2-A0BF-4D023E244FB8}.Debug|x64.ActiveCfg = Debug|Any CPU
		{EC114013-AE8D-41D2-A0BF-4D023E244FB8}.Debug|x64.Build.0 = Debug|Any CPU
		{EC114013-AE8D-41D2-A0BF-4D023E244FB8}.Debug|x86.ActiveCfg = Debug|Any CPU
		{EC114013-AE8D-41D2-A0BF-4D023E244FB8}.Debug|x86.Build.0 = Debug|Any CPU
		{EC114013-AE8D-41D2-A0BF-4D023E244FB8}.Release 4.5|Any CPU.ActiveCfg = Release|Any CPU
		{EC114013-AE8D-41D2-A0BF-4D023E244FB8}.Release 4.5|Any CPU.Build.0 = Release|Any CPU
		{EC114013-AE8D-41D2-A0BF-4D023E244FB8}.Release 4.5|arm64.ActiveCfg = Release|Any CPU
		{EC114013-AE8D-41D2-A0BF-4D023E244FB8}.Release 4.5|arm64.Build.0 = Release|Any CPU
		{EC114013-AE8D-41D2-A0BF-4D023E244FB8}.Release 4.5|x64.ActiveCfg = Release|Any CPU
		{EC114013-AE8D-41D2-A0BF-4D023E244FB8}.Release 4.5|x64.Build.0 = Release|Any CPU
		{EC114013-AE8D-41D2-A0BF-4D023E244FB8}.Release 4.5|x86.ActiveCfg = Release|Any CPU
		{EC114013-AE8D-41D2-A0BF-4D023E244FB8}.Release 4.5|x86.Build.0 = Release|Any CPU
		{EC114013-AE8D-41D2-A0BF-4D023E244FB8}.Release 4.6|Any CPU.ActiveCfg = Release|Any CPU
		{EC114013-AE8D-41D2-A0BF-4D023E244FB8}.Release 4.6|Any CPU.Build.0 = Release|Any CPU
		{EC114013-AE8D-41D2-A0BF-4D023E244FB8}.Release 4.6|arm64.ActiveCfg = Release|Any CPU
		{EC114013-AE8D-41D2-A0BF-4D023E244FB8}.Release 4.6|arm64.Build.0 = Release|Any CPU
		{EC114013-AE8D-41D2-A0BF-4D023E244FB8}.Release 4.6|x64.ActiveCfg = Release|Any CPU
		{EC114013-AE8D-41D2-A0BF-4D023E244FB8}.Release 4.6|x64.Build.0 = Release|Any CPU
		{EC114013-AE8D-41D2-A0BF-4D023E244FB8}.Release 4.6|x86.ActiveCfg = Release|Any CPU
		{EC114013-AE8D-41D2-A0BF-4D023E244FB8}.Release 4.6|x86.Build.0 = Release|Any CPU
		{EC114013-AE8D-41D2-A0BF-4D023E244FB8}.Release|Any CPU.ActiveCfg = Release|Any CPU
		{EC114013-AE8D-41D2-A0BF-4D023E244FB8}.Release|Any CPU.Build.0 = Release|Any CPU
		{EC114013-AE8D-41D2-A0BF-4D023E244FB8}.Release|arm64.ActiveCfg = Release|Any CPU
		{EC114013-AE8D-41D2-A0BF-4D023E244FB8}.Release|arm64.Build.0 = Release|Any CPU
		{EC114013-AE8D-41D2-A0BF-4D023E244FB8}.Release|x64.ActiveCfg = Release|Any CPU
		{EC114013-AE8D-41D2-A0BF-4D023E244FB8}.Release|x64.Build.0 = Release|Any CPU
		{EC114013-AE8D-41D2-A0BF-4D023E244FB8}.Release|x86.ActiveCfg = Release|Any CPU
		{EC114013-AE8D-41D2-A0BF-4D023E244FB8}.Release|x86.Build.0 = Release|Any CPU
		{DFBCE031-8205-4C06-A387-E2A46D649BC5}.Analysis|Any CPU.ActiveCfg = Debug|Any CPU
		{DFBCE031-8205-4C06-A387-E2A46D649BC5}.Analysis|Any CPU.Build.0 = Debug|Any CPU
		{DFBCE031-8205-4C06-A387-E2A46D649BC5}.Analysis|arm64.ActiveCfg = Debug|Any CPU
		{DFBCE031-8205-4C06-A387-E2A46D649BC5}.Analysis|arm64.Build.0 = Debug|Any CPU
		{DFBCE031-8205-4C06-A387-E2A46D649BC5}.Analysis|x64.ActiveCfg = Debug|Any CPU
		{DFBCE031-8205-4C06-A387-E2A46D649BC5}.Analysis|x64.Build.0 = Debug|Any CPU
		{DFBCE031-8205-4C06-A387-E2A46D649BC5}.Analysis|x86.ActiveCfg = Debug|Any CPU
		{DFBCE031-8205-4C06-A387-E2A46D649BC5}.Analysis|x86.Build.0 = Debug|Any CPU
		{DFBCE031-8205-4C06-A387-E2A46D649BC5}.Debug|Any CPU.ActiveCfg = Debug|Any CPU
		{DFBCE031-8205-4C06-A387-E2A46D649BC5}.Debug|Any CPU.Build.0 = Debug|Any CPU
		{DFBCE031-8205-4C06-A387-E2A46D649BC5}.Debug|arm64.ActiveCfg = Debug|Any CPU
		{DFBCE031-8205-4C06-A387-E2A46D649BC5}.Debug|arm64.Build.0 = Debug|Any CPU
		{DFBCE031-8205-4C06-A387-E2A46D649BC5}.Debug|x64.ActiveCfg = Debug|Any CPU
		{DFBCE031-8205-4C06-A387-E2A46D649BC5}.Debug|x64.Build.0 = Debug|Any CPU
		{DFBCE031-8205-4C06-A387-E2A46D649BC5}.Debug|x86.ActiveCfg = Debug|Any CPU
		{DFBCE031-8205-4C06-A387-E2A46D649BC5}.Debug|x86.Build.0 = Debug|Any CPU
		{DFBCE031-8205-4C06-A387-E2A46D649BC5}.Release 4.5|Any CPU.ActiveCfg = Release|Any CPU
		{DFBCE031-8205-4C06-A387-E2A46D649BC5}.Release 4.5|Any CPU.Build.0 = Release|Any CPU
		{DFBCE031-8205-4C06-A387-E2A46D649BC5}.Release 4.5|arm64.ActiveCfg = Release|Any CPU
		{DFBCE031-8205-4C06-A387-E2A46D649BC5}.Release 4.5|arm64.Build.0 = Release|Any CPU
		{DFBCE031-8205-4C06-A387-E2A46D649BC5}.Release 4.5|x64.ActiveCfg = Release|Any CPU
		{DFBCE031-8205-4C06-A387-E2A46D649BC5}.Release 4.5|x64.Build.0 = Release|Any CPU
		{DFBCE031-8205-4C06-A387-E2A46D649BC5}.Release 4.5|x86.ActiveCfg = Release|Any CPU
		{DFBCE031-8205-4C06-A387-E2A46D649BC5}.Release 4.5|x86.Build.0 = Release|Any CPU
		{DFBCE031-8205-4C06-A387-E2A46D649BC5}.Release 4.6|Any CPU.ActiveCfg = Release|Any CPU
		{DFBCE031-8205-4C06-A387-E2A46D649BC5}.Release 4.6|Any CPU.Build.0 = Release|Any CPU
		{DFBCE031-8205-4C06-A387-E2A46D649BC5}.Release 4.6|arm64.ActiveCfg = Release|Any CPU
		{DFBCE031-8205-4C06-A387-E2A46D649BC5}.Release 4.6|arm64.Build.0 = Release|Any CPU
		{DFBCE031-8205-4C06-A387-E2A46D649BC5}.Release 4.6|x64.ActiveCfg = Release|Any CPU
		{DFBCE031-8205-4C06-A387-E2A46D649BC5}.Release 4.6|x64.Build.0 = Release|Any CPU
		{DFBCE031-8205-4C06-A387-E2A46D649BC5}.Release 4.6|x86.ActiveCfg = Release|Any CPU
		{DFBCE031-8205-4C06-A387-E2A46D649BC5}.Release 4.6|x86.Build.0 = Release|Any CPU
		{DFBCE031-8205-4C06-A387-E2A46D649BC5}.Release|Any CPU.ActiveCfg = Release|Any CPU
		{DFBCE031-8205-4C06-A387-E2A46D649BC5}.Release|Any CPU.Build.0 = Release|Any CPU
		{DFBCE031-8205-4C06-A387-E2A46D649BC5}.Release|arm64.ActiveCfg = Release|Any CPU
		{DFBCE031-8205-4C06-A387-E2A46D649BC5}.Release|arm64.Build.0 = Release|Any CPU
		{DFBCE031-8205-4C06-A387-E2A46D649BC5}.Release|x64.ActiveCfg = Release|Any CPU
		{DFBCE031-8205-4C06-A387-E2A46D649BC5}.Release|x64.Build.0 = Release|Any CPU
		{DFBCE031-8205-4C06-A387-E2A46D649BC5}.Release|x86.ActiveCfg = Release|Any CPU
		{DFBCE031-8205-4C06-A387-E2A46D649BC5}.Release|x86.Build.0 = Release|Any CPU
		{257ED092-3F83-4DEE-BC07-6ECA285FAECA}.Analysis|Any CPU.ActiveCfg = Debug|Any CPU
		{257ED092-3F83-4DEE-BC07-6ECA285FAECA}.Analysis|Any CPU.Build.0 = Debug|Any CPU
		{257ED092-3F83-4DEE-BC07-6ECA285FAECA}.Analysis|arm64.ActiveCfg = Debug|Any CPU
		{257ED092-3F83-4DEE-BC07-6ECA285FAECA}.Analysis|arm64.Build.0 = Debug|Any CPU
		{257ED092-3F83-4DEE-BC07-6ECA285FAECA}.Analysis|x64.ActiveCfg = Debug|Any CPU
		{257ED092-3F83-4DEE-BC07-6ECA285FAECA}.Analysis|x64.Build.0 = Debug|Any CPU
		{257ED092-3F83-4DEE-BC07-6ECA285FAECA}.Analysis|x86.ActiveCfg = Debug|Any CPU
		{257ED092-3F83-4DEE-BC07-6ECA285FAECA}.Analysis|x86.Build.0 = Debug|Any CPU
		{257ED092-3F83-4DEE-BC07-6ECA285FAECA}.Debug|Any CPU.ActiveCfg = Debug|Any CPU
		{257ED092-3F83-4DEE-BC07-6ECA285FAECA}.Debug|Any CPU.Build.0 = Debug|Any CPU
		{257ED092-3F83-4DEE-BC07-6ECA285FAECA}.Debug|arm64.ActiveCfg = Debug|Any CPU
		{257ED092-3F83-4DEE-BC07-6ECA285FAECA}.Debug|arm64.Build.0 = Debug|Any CPU
		{257ED092-3F83-4DEE-BC07-6ECA285FAECA}.Debug|x64.ActiveCfg = Debug|Any CPU
		{257ED092-3F83-4DEE-BC07-6ECA285FAECA}.Debug|x64.Build.0 = Debug|Any CPU
		{257ED092-3F83-4DEE-BC07-6ECA285FAECA}.Debug|x86.ActiveCfg = Debug|Any CPU
		{257ED092-3F83-4DEE-BC07-6ECA285FAECA}.Debug|x86.Build.0 = Debug|Any CPU
		{257ED092-3F83-4DEE-BC07-6ECA285FAECA}.Release 4.5|Any CPU.ActiveCfg = Release|Any CPU
		{257ED092-3F83-4DEE-BC07-6ECA285FAECA}.Release 4.5|Any CPU.Build.0 = Release|Any CPU
		{257ED092-3F83-4DEE-BC07-6ECA285FAECA}.Release 4.5|arm64.ActiveCfg = Release|Any CPU
		{257ED092-3F83-4DEE-BC07-6ECA285FAECA}.Release 4.5|arm64.Build.0 = Release|Any CPU
		{257ED092-3F83-4DEE-BC07-6ECA285FAECA}.Release 4.5|x64.ActiveCfg = Release|Any CPU
		{257ED092-3F83-4DEE-BC07-6ECA285FAECA}.Release 4.5|x64.Build.0 = Release|Any CPU
		{257ED092-3F83-4DEE-BC07-6ECA285FAECA}.Release 4.5|x86.ActiveCfg = Release|Any CPU
		{257ED092-3F83-4DEE-BC07-6ECA285FAECA}.Release 4.5|x86.Build.0 = Release|Any CPU
		{257ED092-3F83-4DEE-BC07-6ECA285FAECA}.Release 4.6|Any CPU.ActiveCfg = Release|Any CPU
		{257ED092-3F83-4DEE-BC07-6ECA285FAECA}.Release 4.6|Any CPU.Build.0 = Release|Any CPU
		{257ED092-3F83-4DEE-BC07-6ECA285FAECA}.Release 4.6|arm64.ActiveCfg = Release|Any CPU
		{257ED092-3F83-4DEE-BC07-6ECA285FAECA}.Release 4.6|arm64.Build.0 = Release|Any CPU
		{257ED092-3F83-4DEE-BC07-6ECA285FAECA}.Release 4.6|x64.ActiveCfg = Release|Any CPU
		{257ED092-3F83-4DEE-BC07-6ECA285FAECA}.Release 4.6|x64.Build.0 = Release|Any CPU
		{257ED092-3F83-4DEE-BC07-6ECA285FAECA}.Release 4.6|x86.ActiveCfg = Release|Any CPU
		{257ED092-3F83-4DEE-BC07-6ECA285FAECA}.Release 4.6|x86.Build.0 = Release|Any CPU
		{257ED092-3F83-4DEE-BC07-6ECA285FAECA}.Release|Any CPU.ActiveCfg = Release|Any CPU
		{257ED092-3F83-4DEE-BC07-6ECA285FAECA}.Release|Any CPU.Build.0 = Release|Any CPU
		{257ED092-3F83-4DEE-BC07-6ECA285FAECA}.Release|arm64.ActiveCfg = Release|Any CPU
		{257ED092-3F83-4DEE-BC07-6ECA285FAECA}.Release|arm64.Build.0 = Release|Any CPU
		{257ED092-3F83-4DEE-BC07-6ECA285FAECA}.Release|x64.ActiveCfg = Release|Any CPU
		{257ED092-3F83-4DEE-BC07-6ECA285FAECA}.Release|x64.Build.0 = Release|Any CPU
		{257ED092-3F83-4DEE-BC07-6ECA285FAECA}.Release|x86.ActiveCfg = Release|Any CPU
		{257ED092-3F83-4DEE-BC07-6ECA285FAECA}.Release|x86.Build.0 = Release|Any CPU
		{DC35FCD0-E53D-4E8C-8CB9-A5564ABE9D3D}.Analysis|Any CPU.ActiveCfg = Debug|Any CPU
		{DC35FCD0-E53D-4E8C-8CB9-A5564ABE9D3D}.Analysis|Any CPU.Build.0 = Debug|Any CPU
		{DC35FCD0-E53D-4E8C-8CB9-A5564ABE9D3D}.Analysis|arm64.ActiveCfg = Debug|Any CPU
		{DC35FCD0-E53D-4E8C-8CB9-A5564ABE9D3D}.Analysis|arm64.Build.0 = Debug|Any CPU
		{DC35FCD0-E53D-4E8C-8CB9-A5564ABE9D3D}.Analysis|x64.ActiveCfg = Debug|Any CPU
		{DC35FCD0-E53D-4E8C-8CB9-A5564ABE9D3D}.Analysis|x64.Build.0 = Debug|Any CPU
		{DC35FCD0-E53D-4E8C-8CB9-A5564ABE9D3D}.Analysis|x86.ActiveCfg = Debug|Any CPU
		{DC35FCD0-E53D-4E8C-8CB9-A5564ABE9D3D}.Analysis|x86.Build.0 = Debug|Any CPU
		{DC35FCD0-E53D-4E8C-8CB9-A5564ABE9D3D}.Debug|Any CPU.ActiveCfg = Debug|Any CPU
		{DC35FCD0-E53D-4E8C-8CB9-A5564ABE9D3D}.Debug|Any CPU.Build.0 = Debug|Any CPU
		{DC35FCD0-E53D-4E8C-8CB9-A5564ABE9D3D}.Debug|arm64.ActiveCfg = Debug|Any CPU
		{DC35FCD0-E53D-4E8C-8CB9-A5564ABE9D3D}.Debug|arm64.Build.0 = Debug|Any CPU
		{DC35FCD0-E53D-4E8C-8CB9-A5564ABE9D3D}.Debug|x64.ActiveCfg = Debug|Any CPU
		{DC35FCD0-E53D-4E8C-8CB9-A5564ABE9D3D}.Debug|x64.Build.0 = Debug|Any CPU
		{DC35FCD0-E53D-4E8C-8CB9-A5564ABE9D3D}.Debug|x86.ActiveCfg = Debug|Any CPU
		{DC35FCD0-E53D-4E8C-8CB9-A5564ABE9D3D}.Debug|x86.Build.0 = Debug|Any CPU
		{DC35FCD0-E53D-4E8C-8CB9-A5564ABE9D3D}.Release 4.5|Any CPU.ActiveCfg = Release|Any CPU
		{DC35FCD0-E53D-4E8C-8CB9-A5564ABE9D3D}.Release 4.5|Any CPU.Build.0 = Release|Any CPU
		{DC35FCD0-E53D-4E8C-8CB9-A5564ABE9D3D}.Release 4.5|arm64.ActiveCfg = Release|Any CPU
		{DC35FCD0-E53D-4E8C-8CB9-A5564ABE9D3D}.Release 4.5|arm64.Build.0 = Release|Any CPU
		{DC35FCD0-E53D-4E8C-8CB9-A5564ABE9D3D}.Release 4.5|x64.ActiveCfg = Release|Any CPU
		{DC35FCD0-E53D-4E8C-8CB9-A5564ABE9D3D}.Release 4.5|x64.Build.0 = Release|Any CPU
		{DC35FCD0-E53D-4E8C-8CB9-A5564ABE9D3D}.Release 4.5|x86.ActiveCfg = Release|Any CPU
		{DC35FCD0-E53D-4E8C-8CB9-A5564ABE9D3D}.Release 4.5|x86.Build.0 = Release|Any CPU
		{DC35FCD0-E53D-4E8C-8CB9-A5564ABE9D3D}.Release 4.6|Any CPU.ActiveCfg = Release|Any CPU
		{DC35FCD0-E53D-4E8C-8CB9-A5564ABE9D3D}.Release 4.6|Any CPU.Build.0 = Release|Any CPU
		{DC35FCD0-E53D-4E8C-8CB9-A5564ABE9D3D}.Release 4.6|arm64.ActiveCfg = Release|Any CPU
		{DC35FCD0-E53D-4E8C-8CB9-A5564ABE9D3D}.Release 4.6|arm64.Build.0 = Release|Any CPU
		{DC35FCD0-E53D-4E8C-8CB9-A5564ABE9D3D}.Release 4.6|x64.ActiveCfg = Release|Any CPU
		{DC35FCD0-E53D-4E8C-8CB9-A5564ABE9D3D}.Release 4.6|x64.Build.0 = Release|Any CPU
		{DC35FCD0-E53D-4E8C-8CB9-A5564ABE9D3D}.Release 4.6|x86.ActiveCfg = Release|Any CPU
		{DC35FCD0-E53D-4E8C-8CB9-A5564ABE9D3D}.Release 4.6|x86.Build.0 = Release|Any CPU
		{DC35FCD0-E53D-4E8C-8CB9-A5564ABE9D3D}.Release|Any CPU.ActiveCfg = Release|Any CPU
		{DC35FCD0-E53D-4E8C-8CB9-A5564ABE9D3D}.Release|Any CPU.Build.0 = Release|Any CPU
		{DC35FCD0-E53D-4E8C-8CB9-A5564ABE9D3D}.Release|arm64.ActiveCfg = Release|Any CPU
		{DC35FCD0-E53D-4E8C-8CB9-A5564ABE9D3D}.Release|arm64.Build.0 = Release|Any CPU
		{DC35FCD0-E53D-4E8C-8CB9-A5564ABE9D3D}.Release|x64.ActiveCfg = Release|Any CPU
		{DC35FCD0-E53D-4E8C-8CB9-A5564ABE9D3D}.Release|x64.Build.0 = Release|Any CPU
		{DC35FCD0-E53D-4E8C-8CB9-A5564ABE9D3D}.Release|x86.ActiveCfg = Release|Any CPU
		{DC35FCD0-E53D-4E8C-8CB9-A5564ABE9D3D}.Release|x86.Build.0 = Release|Any CPU
		{0853A843-6D5E-40BF-8513-FF66A97D53D7}.Analysis|Any CPU.ActiveCfg = Debug|Any CPU
		{0853A843-6D5E-40BF-8513-FF66A97D53D7}.Analysis|Any CPU.Build.0 = Debug|Any CPU
		{0853A843-6D5E-40BF-8513-FF66A97D53D7}.Analysis|arm64.ActiveCfg = Debug|Any CPU
		{0853A843-6D5E-40BF-8513-FF66A97D53D7}.Analysis|arm64.Build.0 = Debug|Any CPU
		{0853A843-6D5E-40BF-8513-FF66A97D53D7}.Analysis|x64.ActiveCfg = Debug|Any CPU
		{0853A843-6D5E-40BF-8513-FF66A97D53D7}.Analysis|x64.Build.0 = Debug|Any CPU
		{0853A843-6D5E-40BF-8513-FF66A97D53D7}.Analysis|x86.ActiveCfg = Debug|Any CPU
		{0853A843-6D5E-40BF-8513-FF66A97D53D7}.Analysis|x86.Build.0 = Debug|Any CPU
		{0853A843-6D5E-40BF-8513-FF66A97D53D7}.Debug|Any CPU.ActiveCfg = Debug|Any CPU
		{0853A843-6D5E-40BF-8513-FF66A97D53D7}.Debug|Any CPU.Build.0 = Debug|Any CPU
		{0853A843-6D5E-40BF-8513-FF66A97D53D7}.Debug|arm64.ActiveCfg = Debug|Any CPU
		{0853A843-6D5E-40BF-8513-FF66A97D53D7}.Debug|arm64.Build.0 = Debug|Any CPU
		{0853A843-6D5E-40BF-8513-FF66A97D53D7}.Debug|x64.ActiveCfg = Debug|Any CPU
		{0853A843-6D5E-40BF-8513-FF66A97D53D7}.Debug|x64.Build.0 = Debug|Any CPU
		{0853A843-6D5E-40BF-8513-FF66A97D53D7}.Debug|x86.ActiveCfg = Debug|Any CPU
		{0853A843-6D5E-40BF-8513-FF66A97D53D7}.Debug|x86.Build.0 = Debug|Any CPU
		{0853A843-6D5E-40BF-8513-FF66A97D53D7}.Release 4.5|Any CPU.ActiveCfg = Release|Any CPU
		{0853A843-6D5E-40BF-8513-FF66A97D53D7}.Release 4.5|Any CPU.Build.0 = Release|Any CPU
		{0853A843-6D5E-40BF-8513-FF66A97D53D7}.Release 4.5|arm64.ActiveCfg = Release|Any CPU
		{0853A843-6D5E-40BF-8513-FF66A97D53D7}.Release 4.5|arm64.Build.0 = Release|Any CPU
		{0853A843-6D5E-40BF-8513-FF66A97D53D7}.Release 4.5|x64.ActiveCfg = Release|Any CPU
		{0853A843-6D5E-40BF-8513-FF66A97D53D7}.Release 4.5|x64.Build.0 = Release|Any CPU
		{0853A843-6D5E-40BF-8513-FF66A97D53D7}.Release 4.5|x86.ActiveCfg = Release|Any CPU
		{0853A843-6D5E-40BF-8513-FF66A97D53D7}.Release 4.5|x86.Build.0 = Release|Any CPU
		{0853A843-6D5E-40BF-8513-FF66A97D53D7}.Release 4.6|Any CPU.ActiveCfg = Release|Any CPU
		{0853A843-6D5E-40BF-8513-FF66A97D53D7}.Release 4.6|Any CPU.Build.0 = Release|Any CPU
		{0853A843-6D5E-40BF-8513-FF66A97D53D7}.Release 4.6|arm64.ActiveCfg = Release|Any CPU
		{0853A843-6D5E-40BF-8513-FF66A97D53D7}.Release 4.6|arm64.Build.0 = Release|Any CPU
		{0853A843-6D5E-40BF-8513-FF66A97D53D7}.Release 4.6|x64.ActiveCfg = Release|Any CPU
		{0853A843-6D5E-40BF-8513-FF66A97D53D7}.Release 4.6|x64.Build.0 = Release|Any CPU
		{0853A843-6D5E-40BF-8513-FF66A97D53D7}.Release 4.6|x86.ActiveCfg = Release|Any CPU
		{0853A843-6D5E-40BF-8513-FF66A97D53D7}.Release 4.6|x86.Build.0 = Release|Any CPU
		{0853A843-6D5E-40BF-8513-FF66A97D53D7}.Release|Any CPU.ActiveCfg = Release|Any CPU
		{0853A843-6D5E-40BF-8513-FF66A97D53D7}.Release|Any CPU.Build.0 = Release|Any CPU
		{0853A843-6D5E-40BF-8513-FF66A97D53D7}.Release|arm64.ActiveCfg = Release|Any CPU
		{0853A843-6D5E-40BF-8513-FF66A97D53D7}.Release|arm64.Build.0 = Release|Any CPU
		{0853A843-6D5E-40BF-8513-FF66A97D53D7}.Release|x64.ActiveCfg = Release|Any CPU
		{0853A843-6D5E-40BF-8513-FF66A97D53D7}.Release|x64.Build.0 = Release|Any CPU
		{0853A843-6D5E-40BF-8513-FF66A97D53D7}.Release|x86.ActiveCfg = Release|Any CPU
		{0853A843-6D5E-40BF-8513-FF66A97D53D7}.Release|x86.Build.0 = Release|Any CPU
	EndGlobalSection
	GlobalSection(SolutionProperties) = preSolution
		HideSolutionNode = FALSE
	EndGlobalSection
	GlobalSection(NestedProjects) = preSolution
		{02773E4B-21FC-47DB-A7C1-BD096F325136} = {7988EFEB-B6C6-4FE8-A254-EA00F2EA3BD9}
		{3CD240F8-DA65-44F0-AB58-D78F58109786} = {7988EFEB-B6C6-4FE8-A254-EA00F2EA3BD9}
		{654D6521-43E1-48D2-BAEE-E694E38EF56D} = {7988EFEB-B6C6-4FE8-A254-EA00F2EA3BD9}
		{33580E59-AA08-45EF-B79F-2F8FE2F539CC} = {7988EFEB-B6C6-4FE8-A254-EA00F2EA3BD9}
		{C842FAB3-EC80-4E95-B402-BF0572F1806D} = {7988EFEB-B6C6-4FE8-A254-EA00F2EA3BD9}
		{93E3612C-D388-438F-A04A-047265820998} = {7988EFEB-B6C6-4FE8-A254-EA00F2EA3BD9}
		{094FAC4A-6277-46E8-97B4-C992F1674638} = {7988EFEB-B6C6-4FE8-A254-EA00F2EA3BD9}
		{D7CDC8CD-D55B-427C-B62D-3ED039785047} = {7988EFEB-B6C6-4FE8-A254-EA00F2EA3BD9}
		{016963A7-E069-4EF4-8218-2B21C2D3E269} = {750A0C8F-B866-4D22-A4BE-C852592C3218}
		{A8039DBD-C647-4BB5-BAB5-38169C4BF934} = {9C61D5C2-C8AF-42D6-88C3-A8D52806F1A9}
		{7CF4CDB7-219E-4618-A928-E72F97435FF7} = {9C61D5C2-C8AF-42D6-88C3-A8D52806F1A9}
		{4438E3CF-3430-4E86-BE27-E9E1C38B9D35} = {9C61D5C2-C8AF-42D6-88C3-A8D52806F1A9}
		{EC114013-AE8D-41D2-A0BF-4D023E244FB8} = {9C61D5C2-C8AF-42D6-88C3-A8D52806F1A9}
		{DFBCE031-8205-4C06-A387-E2A46D649BC5} = {A35E40A0-0839-4DF7-B327-250180294BE8}
		{DC35FCD0-E53D-4E8C-8CB9-A5564ABE9D3D} = {9C61D5C2-C8AF-42D6-88C3-A8D52806F1A9}
	EndGlobalSection
	GlobalSection(ExtensibilityGlobals) = postSolution
		SolutionGuid = {9E465C6F-DA70-4513-BFF1-251942568671}
	EndGlobalSection
EndGlobal
