
Microsoft Visual Studio Solution File, Format Version 12.00
# Visual Studio 15
VisualStudioVersion = 15.0.28010.2016
MinimumVisualStudioVersion = 10.0.40219.1
Project("{FAE04EC0-301F-11D3-BF4B-00C04F79EFBC}") = "OsuPlayer.Wpf", "OsuPlayer.Wpf\OsuPlayer.Wpf.csproj", "{02773E4B-21FC-47DB-A7C1-BD096F325136}"
EndProject
Project("{FAE04EC0-301F-11D3-BF4B-00C04F79EFBC}") = "WpfApi", "WpfApi\WpfApi.csproj", "{028E6F4E-D538-4B83-904C-C94C2F1E3C83}"
EndProject
Project("{9A19103F-16F7-4668-BE54-9A1E7A4F7556}") = "OSharp.Beatmap", "..\..\OSharp\OSharp.Beatmap\OSharp.Beatmap.csproj", "{0040102E-2EAB-4593-B130-D3D95CB201E5}"
EndProject
Project("{9A19103F-16F7-4668-BE54-9A1E7A4F7556}") = "OSharp.Storyboard", "..\..\OSharp\OSharp.Storyboard\OSharp.Storyboard.csproj", "{AEFCAAAC-94A8-48AB-89C9-58B7B55AF6C8}"
EndProject
Project("{9A19103F-16F7-4668-BE54-9A1E7A4F7556}") = "OSharp.Common", "..\..\OSharp\OSharp.Common\OSharp.Common.csproj", "{7CC8C305-E319-4A56-BEB3-680077D4837C}"
EndProject
Project("{FAE04EC0-301F-11D3-BF4B-00C04F79EFBC}") = "OsuPlayer.Media.Audio", "OsuPlayer.Media.Audio\OsuPlayer.Media.Audio.csproj", "{3CD240F8-DA65-44F0-AB58-D78F58109786}"
EndProject
Project("{FAE04EC0-301F-11D3-BF4B-00C04F79EFBC}") = "OsuPlayer.Common", "OsuPlayer.Common\OsuPlayer.Common.csproj", "{654D6521-43E1-48D2-BAEE-E694E38EF56D}"
EndProject
Global
	GlobalSection(SolutionConfigurationPlatforms) = preSolution
		Analysis|Any CPU = Analysis|Any CPU
		Debug|Any CPU = Debug|Any CPU
		Release|Any CPU = Release|Any CPU
	EndGlobalSection
	GlobalSection(ProjectConfigurationPlatforms) = postSolution
		{02773E4B-21FC-47DB-A7C1-BD096F325136}.Analysis|Any CPU.ActiveCfg = Release|Any CPU
		{02773E4B-21FC-47DB-A7C1-BD096F325136}.Analysis|Any CPU.Build.0 = Release|Any CPU
		{02773E4B-21FC-47DB-A7C1-BD096F325136}.Debug|Any CPU.ActiveCfg = Debug|Any CPU
		{02773E4B-21FC-47DB-A7C1-BD096F325136}.Debug|Any CPU.Build.0 = Debug|Any CPU
		{02773E4B-21FC-47DB-A7C1-BD096F325136}.Release|Any CPU.ActiveCfg = Release|Any CPU
		{02773E4B-21FC-47DB-A7C1-BD096F325136}.Release|Any CPU.Build.0 = Release|Any CPU
		{028E6F4E-D538-4B83-904C-C94C2F1E3C83}.Analysis|Any CPU.ActiveCfg = Release|Any CPU
		{028E6F4E-D538-4B83-904C-C94C2F1E3C83}.Analysis|Any CPU.Build.0 = Release|Any CPU
		{028E6F4E-D538-4B83-904C-C94C2F1E3C83}.Debug|Any CPU.ActiveCfg = Debug|Any CPU
		{028E6F4E-D538-4B83-904C-C94C2F1E3C83}.Debug|Any CPU.Build.0 = Debug|Any CPU
		{028E6F4E-D538-4B83-904C-C94C2F1E3C83}.Release|Any CPU.ActiveCfg = Release|Any CPU
		{028E6F4E-D538-4B83-904C-C94C2F1E3C83}.Release|Any CPU.Build.0 = Release|Any CPU
		{0040102E-2EAB-4593-B130-D3D95CB201E5}.Analysis|Any CPU.ActiveCfg = Release|Any CPU
		{0040102E-2EAB-4593-B130-D3D95CB201E5}.Analysis|Any CPU.Build.0 = Release|Any CPU
		{0040102E-2EAB-4593-B130-D3D95CB201E5}.Debug|Any CPU.ActiveCfg = Debug|Any CPU
		{0040102E-2EAB-4593-B130-D3D95CB201E5}.Debug|Any CPU.Build.0 = Debug|Any CPU
		{0040102E-2EAB-4593-B130-D3D95CB201E5}.Release|Any CPU.ActiveCfg = Release|Any CPU
		{0040102E-2EAB-4593-B130-D3D95CB201E5}.Release|Any CPU.Build.0 = Release|Any CPU
		{AEFCAAAC-94A8-48AB-89C9-58B7B55AF6C8}.Analysis|Any CPU.ActiveCfg = Release|Any CPU
		{AEFCAAAC-94A8-48AB-89C9-58B7B55AF6C8}.Analysis|Any CPU.Build.0 = Release|Any CPU
		{AEFCAAAC-94A8-48AB-89C9-58B7B55AF6C8}.Debug|Any CPU.ActiveCfg = Debug|Any CPU
		{AEFCAAAC-94A8-48AB-89C9-58B7B55AF6C8}.Debug|Any CPU.Build.0 = Debug|Any CPU
		{AEFCAAAC-94A8-48AB-89C9-58B7B55AF6C8}.Release|Any CPU.ActiveCfg = Release|Any CPU
		{AEFCAAAC-94A8-48AB-89C9-58B7B55AF6C8}.Release|Any CPU.Build.0 = Release|Any CPU
		{7CC8C305-E319-4A56-BEB3-680077D4837C}.Analysis|Any CPU.ActiveCfg = Release|Any CPU
		{7CC8C305-E319-4A56-BEB3-680077D4837C}.Analysis|Any CPU.Build.0 = Release|Any CPU
		{7CC8C305-E319-4A56-BEB3-680077D4837C}.Debug|Any CPU.ActiveCfg = Debug|Any CPU
		{7CC8C305-E319-4A56-BEB3-680077D4837C}.Debug|Any CPU.Build.0 = Debug|Any CPU
		{7CC8C305-E319-4A56-BEB3-680077D4837C}.Release|Any CPU.ActiveCfg = Release|Any CPU
		{7CC8C305-E319-4A56-BEB3-680077D4837C}.Release|Any CPU.Build.0 = Release|Any CPU
		{3CD240F8-DA65-44F0-AB58-D78F58109786}.Analysis|Any CPU.ActiveCfg = Release|Any CPU
		{3CD240F8-DA65-44F0-AB58-D78F58109786}.Analysis|Any CPU.Build.0 = Release|Any CPU
		{3CD240F8-DA65-44F0-AB58-D78F58109786}.Debug|Any CPU.ActiveCfg = Debug|Any CPU
		{3CD240F8-DA65-44F0-AB58-D78F58109786}.Debug|Any CPU.Build.0 = Debug|Any CPU
		{3CD240F8-DA65-44F0-AB58-D78F58109786}.Release|Any CPU.ActiveCfg = Release|Any CPU
		{3CD240F8-DA65-44F0-AB58-D78F58109786}.Release|Any CPU.Build.0 = Release|Any CPU
		{654D6521-43E1-48D2-BAEE-E694E38EF56D}.Analysis|Any CPU.ActiveCfg = Release|Any CPU
		{654D6521-43E1-48D2-BAEE-E694E38EF56D}.Analysis|Any CPU.Build.0 = Release|Any CPU
		{654D6521-43E1-48D2-BAEE-E694E38EF56D}.Debug|Any CPU.ActiveCfg = Debug|Any CPU
		{654D6521-43E1-48D2-BAEE-E694E38EF56D}.Debug|Any CPU.Build.0 = Debug|Any CPU
		{654D6521-43E1-48D2-BAEE-E694E38EF56D}.Release|Any CPU.ActiveCfg = Release|Any CPU
		{654D6521-43E1-48D2-BAEE-E694E38EF56D}.Release|Any CPU.Build.0 = Release|Any CPU
	EndGlobalSection
	GlobalSection(SolutionProperties) = preSolution
		HideSolutionNode = FALSE
	EndGlobalSection
	GlobalSection(ExtensibilityGlobals) = postSolution
		SolutionGuid = {9E465C6F-DA70-4513-BFF1-251942568671}
	EndGlobalSection
EndGlobal
